Microsoft Visual Studio Solution File, Format Version 12.00
# Visual Studio 15
VisualStudioVersion = 15.0.26430.12
MinimumVisualStudioVersion = 10.0.40219.1
Project("{FAE04EC0-301F-11D3-BF4B-00C04F79EFBC}") = "Geckoboard.808nd.com", "GeckoboardLibrary\Geckoboard.808nd.com.csproj", "{406F872B-D76A-41A2-A6A2-44535789C4E8}"
EndProject
Project("{FAE04EC0-301F-11D3-BF4B-00C04F79EFBC}") = "GeckboardBusinessLogicWebapp", "GeckoboardTestWebApp\GeckboardBusinessLogicWebapp.csproj", "{6754A749-2F29-4B55-9946-CAF76E0BD77A}"
EndProject
Project("{FAE04EC0-301F-11D3-BF4B-00C04F79EFBC}") = "WebReboot.Grind.808nd.com", "WebReboot.Grind.808nd.com\WebReboot.Grind.808nd.com.csproj", "{FA08D9C0-C3D4-4C31-972F-7891AB59E39B}"
	ProjectSection(ProjectDependencies) = postProject
		{D751F98B-F0FC-4459-8CC7-C1FE1E4036BE} = {D751F98B-F0FC-4459-8CC7-C1FE1E4036BE}
	EndProjectSection
EndProject
Project("{FAE04EC0-301F-11D3-BF4B-00C04F79EFBC}") = "api.grind.808nd.com", "api.grind.808nd.com\api.grind.808nd.com.csproj", "{9F9C27F5-5A84-4EA0-8622-E7E9CEDD8482}"
EndProject
Project("{FAE04EC0-301F-11D3-BF4B-00C04F79EFBC}") = "apitests.grind.808nd.com", "apitests.grind.808nd.com\apitests.grind.808nd.com.csproj", "{350B27E8-2942-4288-BA71-D6F9CCD4A848}"
EndProject
Project("{FAE04EC0-301F-11D3-BF4B-00C04F79EFBC}") = "Revel.808nd.com", "Revel.808nd.com\Revel.808nd.com.csproj", "{859053F1-7F43-4373-B0B4-3F8813CEE302}"
EndProject
Project("{FAE04EC0-301F-11D3-BF4B-00C04F79EFBC}") = "IdService.grind.808nd.com", "IdService.grind.808nd.com\IdService.grind.808nd.com.csproj", "{BD2EDF0F-6EA5-47F1-BAC9-4981FDB13B0E}"
EndProject
Project("{FAE04EC0-301F-11D3-BF4B-00C04F79EFBC}") = "IdService.grind.808nd.com.Tests", "IdService.grind.808nd.com.Tests\IdService.grind.808nd.com.Tests.csproj", "{969F19D3-0D47-4DAD-B05D-BC0A2930CBCE}"
EndProject
Project("{FAE04EC0-301F-11D3-BF4B-00C04F79EFBC}") = "Constants.Grind.808nd.com", "Constants.Grind.808nd.com\Constants.Grind.808nd.com.csproj", "{F458CC1A-A528-4D6F-8684-CA4F0B619105}"
EndProject
Project("{FAE04EC0-301F-11D3-BF4B-00C04F79EFBC}") = "TestClientForOpenId", "TestClientForOpenId\TestClientForOpenId.csproj", "{A8A4FB28-F310-4B1E-8781-301D25A60C48}"
EndProject
Project("{FAE04EC0-301F-11D3-BF4B-00C04F79EFBC}") = "service.grind.808nd.com", "service.grind.808nd.com\service.grind.808nd.com.csproj", "{05155BC7-9375-46B5-9034-A736048C9095}"
EndProject
Project("{FAE04EC0-301F-11D3-BF4B-00C04F79EFBC}") = "scheduledtasks.grind.808nd.com", "scheduledtasks.grind.808nd.com\scheduledtasks.grind.808nd.com.csproj", "{80C42675-B029-40AD-B7CE-A354FE14EE2D}"
EndProject
Project("{FAE04EC0-301F-11D3-BF4B-00C04F79EFBC}") = "cardservice.grind.808nd.com", "cardservice.grind.808nd.com\cardservice.grind.808nd.com.csproj", "{1113F440-E9CA-4DB3-8CEF-2834731F2CEE}"
EndProject
Project("{FAE04EC0-301F-11D3-BF4B-00C04F79EFBC}") = "overnightservice.grind.808nd.com", "overnightservice.grind.808nd.com\overnightservice.grind.808nd.com.csproj", "{7FB2A863-7898-462E-85C8-BE4FC7A59259}"
EndProject
Project("{FAE04EC0-301F-11D3-BF4B-00C04F79EFBC}") = "mailservice.railgunit.com", "mailservice.railgunit.com\mailservice.railgunit.com.csproj", "{D751F98B-F0FC-4459-8CC7-C1FE1E4036BE}"
EndProject
Project("{FAE04EC0-301F-11D3-BF4B-00C04F79EFBC}") = "Slack.808nd.com", "Slack.808nd.com\Slack.808nd.com.csproj", "{7079B466-1249-43CD-97E3-57F7C6F5BCF1}"
EndProject
Project("{FAE04EC0-301F-11D3-BF4B-00C04F79EFBC}") = "revelhttp.railgunit.com", "revelhttp.railgunit.com\revelhttp.railgunit.com.csproj", "{C45EC65D-5B49-4E15-8E72-1B1960BF65A4}"
EndProject
Project("{FAE04EC0-301F-11D3-BF4B-00C04F79EFBC}") = "demo.geckoboard.railgunit.com", "demo.geckoboard.railgunit.com\demo.geckoboard.railgunit.com.csproj", "{43C50C33-9226-451C-A872-454E4F62020E}"
EndProject
Project("{FAE04EC0-301F-11D3-BF4B-00C04F79EFBC}") = "Tests.Revel.808nd.com", "UnitTestProject1\Tests.Revel.808nd.com.csproj", "{B510BA9A-C912-45D4-8BC3-14409CA3CF9E}"
EndProject
Project("{FAE04EC0-301F-11D3-BF4B-00C04F79EFBC}") = "xeroservice.grind.railgunit.com", "xeroservice.grind.railgunit.com\xeroservice.grind.railgunit.com.csproj", "{D93F5A89-7513-4137-A0CD-6F723F721CBF}"
EndProject
Project("{FAE04EC0-301F-11D3-BF4B-00C04F79EFBC}") = "xero.railgunit.com", "xero.railgunit.com\xero.railgunit.com.csproj", "{816391D9-DAAC-4B50-BFEC-328969120949}"
EndProject
Project("{FAE04EC0-301F-11D3-BF4B-00C04F79EFBC}") = "tests.xero.railgunit.com", "tests.xero.railgunit.com\tests.xero.railgunit.com.csproj", "{1313662E-06DC-4C1A-93DA-5DC32AAE985B}"
EndProject
Project("{FAE04EC0-301F-11D3-BF4B-00C04F79EFBC}") = "tests.data.grind.railgunit.com", "tests.data.grind.railgunit.com\tests.data.grind.railgunit.com.csproj", "{7E26CDC4-414E-49B9-A6A6-296588CEF9B2}"
EndProject
Project("{FAE04EC0-301F-11D3-BF4B-00C04F79EFBC}") = "tests.mapping.xero.railgunit.com", "tests.mapping.xero.railgunit.com\tests.mapping.xero.railgunit.com.csproj", "{B831A2B1-3392-4BAB-9676-CE2344C30786}"
EndProject
Project("{FAE04EC0-301F-11D3-BF4B-00C04F79EFBC}") = "automatedreports.grind.railgunit.com", "automatedreports.grind.railgunit.com\automatedreports.grind.railgunit.com.csproj", "{CEB0ACE1-202F-485E-A125-C09AA9589C2F}"
EndProject
Project("{FAE04EC0-301F-11D3-BF4B-00C04F79EFBC}") = "shared.services.grind.railgunit.com", "shared.services.grind.railgunit.com\shared.services.grind.railgunit.com.csproj", "{94041408-A48A-4304-B6EE-12248D5E10A4}"
EndProject
Project("{FAE04EC0-301F-11D3-BF4B-00C04F79EFBC}") = "employeeredirect.grind.railgunit.com", "employeeredirect.grind.railgunit.com\employeeredirect.grind.railgunit.com.csproj", "{7438B4CA-8E49-45E0-838C-03BEBB5EB854}"
EndProject
Project("{FAE04EC0-301F-11D3-BF4B-00C04F79EFBC}") = "employeeredirect.grind.railgunit.com.Tests", "employeeredirect.grind.railgunit.com.Tests\employeeredirect.grind.railgunit.com.Tests.csproj", "{AE5A4C06-745C-4DFC-BA5E-F58338F87E80}"
EndProject
Project("{FAE04EC0-301F-11D3-BF4B-00C04F79EFBC}") = "ssp.api.grind.com", "ssp.api.grind.com\ssp.api.grind.com.csproj", "{EAE37742-E165-465D-86C3-EDDC906C2E6C}"
EndProject
Project("{FAE04EC0-301F-11D3-BF4B-00C04F79EFBC}") = "ssp.api.grind.com.Tests", "ssp.api.grind.com.Tests\ssp.api.grind.com.Tests.csproj", "{D88A703A-5B6F-46FD-A7D2-1FEE25C3F69B}"
EndProject
Project("{FAE04EC0-301F-11D3-BF4B-00C04F79EFBC}") = "domain.geckoboardv2.grind.com", "domain.geckoboardv2.grind.com\domain.geckoboardv2.grind.com.csproj", "{CFF0CF9D-B725-43DB-B019-2CC7433BCA47}"
EndProject
Project("{FAE04EC0-301F-11D3-BF4B-00C04F79EFBC}") = "geckoservicev2.grind.com", "geckoservicev2.grind.com\geckoservicev2.grind.com.csproj", "{19AF0824-3F85-4494-B339-DB1BE1C970C4}"
EndProject
Project("{FAE04EC0-301F-11D3-BF4B-00C04F79EFBC}") = "tests.domain.geckoboardv2.grind.com", "tests.domain.geckoboardv2.grind.com\tests.domain.geckoboardv2.grind.com.csproj", "{E0CFD8C3-B5A0-4753-A744-5EE0E025D321}"
EndProject
Global
	GlobalSection(SolutionConfigurationPlatforms) = preSolution
		Debug|Any CPU = Debug|Any CPU
		Debug|x64 = Debug|x64
		Debug|x86 = Debug|x86
		portugalholidayrentals.com|Any CPU = portugalholidayrentals.com|Any CPU
		portugalholidayrentals.com|x64 = portugalholidayrentals.com|x64
		portugalholidayrentals.com|x86 = portugalholidayrentals.com|x86
		portugalrentalcottages.com|Any CPU = portugalrentalcottages.com|Any CPU
		portugalrentalcottages.com|x64 = portugalrentalcottages.com|x64
		portugalrentalcottages.com|x86 = portugalrentalcottages.com|x86
		Release|Any CPU = Release|Any CPU
		Release|x64 = Release|x64
		Release|x86 = Release|x86
	EndGlobalSection
	GlobalSection(ProjectConfigurationPlatforms) = postSolution
		{406F872B-D76A-41A2-A6A2-44535789C4E8}.Debug|Any CPU.ActiveCfg = Debug|Any CPU
		{406F872B-D76A-41A2-A6A2-44535789C4E8}.Debug|Any CPU.Build.0 = Debug|Any CPU
		{406F872B-D76A-41A2-A6A2-44535789C4E8}.Debug|x64.ActiveCfg = Debug|Any CPU
		{406F872B-D76A-41A2-A6A2-44535789C4E8}.Debug|x64.Build.0 = Debug|Any CPU
		{406F872B-D76A-41A2-A6A2-44535789C4E8}.Debug|x86.ActiveCfg = Debug|Any CPU
		{406F872B-D76A-41A2-A6A2-44535789C4E8}.Debug|x86.Build.0 = Debug|Any CPU
		{406F872B-D76A-41A2-A6A2-44535789C4E8}.portugalholidayrentals.com|Any CPU.ActiveCfg = Release|Any CPU
		{406F872B-D76A-41A2-A6A2-44535789C4E8}.portugalholidayrentals.com|Any CPU.Build.0 = Release|Any CPU
		{406F872B-D76A-41A2-A6A2-44535789C4E8}.portugalholidayrentals.com|x64.ActiveCfg = Release|Any CPU
		{406F872B-D76A-41A2-A6A2-44535789C4E8}.portugalholidayrentals.com|x64.Build.0 = Release|Any CPU
		{406F872B-D76A-41A2-A6A2-44535789C4E8}.portugalholidayrentals.com|x86.ActiveCfg = Release|Any CPU
		{406F872B-D76A-41A2-A6A2-44535789C4E8}.portugalholidayrentals.com|x86.Build.0 = Release|Any CPU
		{406F872B-D76A-41A2-A6A2-44535789C4E8}.portugalrentalcottages.com|Any CPU.ActiveCfg = Release|Any CPU
		{406F872B-D76A-41A2-A6A2-44535789C4E8}.portugalrentalcottages.com|Any CPU.Build.0 = Release|Any CPU
		{406F872B-D76A-41A2-A6A2-44535789C4E8}.portugalrentalcottages.com|x64.ActiveCfg = Release|Any CPU
		{406F872B-D76A-41A2-A6A2-44535789C4E8}.portugalrentalcottages.com|x64.Build.0 = Release|Any CPU
		{406F872B-D76A-41A2-A6A2-44535789C4E8}.portugalrentalcottages.com|x86.ActiveCfg = Release|Any CPU
		{406F872B-D76A-41A2-A6A2-44535789C4E8}.portugalrentalcottages.com|x86.Build.0 = Release|Any CPU
		{406F872B-D76A-41A2-A6A2-44535789C4E8}.Release|Any CPU.ActiveCfg = Release|Any CPU
		{406F872B-D76A-41A2-A6A2-44535789C4E8}.Release|Any CPU.Build.0 = Release|Any CPU
		{406F872B-D76A-41A2-A6A2-44535789C4E8}.Release|x64.ActiveCfg = Release|Any CPU
		{406F872B-D76A-41A2-A6A2-44535789C4E8}.Release|x64.Build.0 = Release|Any CPU
		{406F872B-D76A-41A2-A6A2-44535789C4E8}.Release|x86.ActiveCfg = Release|Any CPU
		{406F872B-D76A-41A2-A6A2-44535789C4E8}.Release|x86.Build.0 = Release|Any CPU
		{6754A749-2F29-4B55-9946-CAF76E0BD77A}.Debug|Any CPU.ActiveCfg = Debug|Any CPU
		{6754A749-2F29-4B55-9946-CAF76E0BD77A}.Debug|Any CPU.Build.0 = Debug|Any CPU
		{6754A749-2F29-4B55-9946-CAF76E0BD77A}.Debug|x64.ActiveCfg = Debug|Any CPU
		{6754A749-2F29-4B55-9946-CAF76E0BD77A}.Debug|x64.Build.0 = Debug|Any CPU
		{6754A749-2F29-4B55-9946-CAF76E0BD77A}.Debug|x86.ActiveCfg = Debug|Any CPU
		{6754A749-2F29-4B55-9946-CAF76E0BD77A}.Debug|x86.Build.0 = Debug|Any CPU
		{6754A749-2F29-4B55-9946-CAF76E0BD77A}.portugalholidayrentals.com|Any CPU.ActiveCfg = Release|Any CPU
		{6754A749-2F29-4B55-9946-CAF76E0BD77A}.portugalholidayrentals.com|Any CPU.Build.0 = Release|Any CPU
		{6754A749-2F29-4B55-9946-CAF76E0BD77A}.portugalholidayrentals.com|x64.ActiveCfg = Release|Any CPU
		{6754A749-2F29-4B55-9946-CAF76E0BD77A}.portugalholidayrentals.com|x64.Build.0 = Release|Any CPU
		{6754A749-2F29-4B55-9946-CAF76E0BD77A}.portugalholidayrentals.com|x86.ActiveCfg = Release|Any CPU
		{6754A749-2F29-4B55-9946-CAF76E0BD77A}.portugalholidayrentals.com|x86.Build.0 = Release|Any CPU
		{6754A749-2F29-4B55-9946-CAF76E0BD77A}.portugalrentalcottages.com|Any CPU.ActiveCfg = Release|Any CPU
		{6754A749-2F29-4B55-9946-CAF76E0BD77A}.portugalrentalcottages.com|Any CPU.Build.0 = Release|Any CPU
		{6754A749-2F29-4B55-9946-CAF76E0BD77A}.portugalrentalcottages.com|x64.ActiveCfg = Release|Any CPU
		{6754A749-2F29-4B55-9946-CAF76E0BD77A}.portugalrentalcottages.com|x64.Build.0 = Release|Any CPU
		{6754A749-2F29-4B55-9946-CAF76E0BD77A}.portugalrentalcottages.com|x86.ActiveCfg = Release|Any CPU
		{6754A749-2F29-4B55-9946-CAF76E0BD77A}.portugalrentalcottages.com|x86.Build.0 = Release|Any CPU
		{6754A749-2F29-4B55-9946-CAF76E0BD77A}.Release|Any CPU.ActiveCfg = Release|Any CPU
		{6754A749-2F29-4B55-9946-CAF76E0BD77A}.Release|Any CPU.Build.0 = Release|Any CPU
		{6754A749-2F29-4B55-9946-CAF76E0BD77A}.Release|x64.ActiveCfg = Release|Any CPU
		{6754A749-2F29-4B55-9946-CAF76E0BD77A}.Release|x64.Build.0 = Release|Any CPU
		{6754A749-2F29-4B55-9946-CAF76E0BD77A}.Release|x86.ActiveCfg = Release|Any CPU
		{6754A749-2F29-4B55-9946-CAF76E0BD77A}.Release|x86.Build.0 = Release|Any CPU
		{FA08D9C0-C3D4-4C31-972F-7891AB59E39B}.Debug|Any CPU.ActiveCfg = Debug|Any CPU
		{FA08D9C0-C3D4-4C31-972F-7891AB59E39B}.Debug|Any CPU.Build.0 = Debug|Any CPU
		{FA08D9C0-C3D4-4C31-972F-7891AB59E39B}.Debug|Any CPU.Deploy.0 = Debug|Any CPU
		{FA08D9C0-C3D4-4C31-972F-7891AB59E39B}.Debug|x64.ActiveCfg = Debug|Any CPU
		{FA08D9C0-C3D4-4C31-972F-7891AB59E39B}.Debug|x64.Build.0 = Debug|Any CPU
		{FA08D9C0-C3D4-4C31-972F-7891AB59E39B}.Debug|x86.ActiveCfg = Debug|x86
		{FA08D9C0-C3D4-4C31-972F-7891AB59E39B}.Debug|x86.Build.0 = Debug|x86
		{FA08D9C0-C3D4-4C31-972F-7891AB59E39B}.portugalholidayrentals.com|Any CPU.ActiveCfg = Release|Any CPU
		{FA08D9C0-C3D4-4C31-972F-7891AB59E39B}.portugalholidayrentals.com|Any CPU.Build.0 = Release|Any CPU
		{FA08D9C0-C3D4-4C31-972F-7891AB59E39B}.portugalholidayrentals.com|x64.ActiveCfg = Release|x64
		{FA08D9C0-C3D4-4C31-972F-7891AB59E39B}.portugalholidayrentals.com|x64.Build.0 = Release|x64
		{FA08D9C0-C3D4-4C31-972F-7891AB59E39B}.portugalholidayrentals.com|x86.ActiveCfg = Release|x86
		{FA08D9C0-C3D4-4C31-972F-7891AB59E39B}.portugalholidayrentals.com|x86.Build.0 = Release|x86
		{FA08D9C0-C3D4-4C31-972F-7891AB59E39B}.portugalrentalcottages.com|Any CPU.ActiveCfg = Release|Any CPU
		{FA08D9C0-C3D4-4C31-972F-7891AB59E39B}.portugalrentalcottages.com|Any CPU.Build.0 = Release|Any CPU
		{FA08D9C0-C3D4-4C31-972F-7891AB59E39B}.portugalrentalcottages.com|x64.ActiveCfg = Release|x64
		{FA08D9C0-C3D4-4C31-972F-7891AB59E39B}.portugalrentalcottages.com|x64.Build.0 = Release|x64
		{FA08D9C0-C3D4-4C31-972F-7891AB59E39B}.portugalrentalcottages.com|x86.ActiveCfg = Release|x86
		{FA08D9C0-C3D4-4C31-972F-7891AB59E39B}.portugalrentalcottages.com|x86.Build.0 = Release|x86
		{FA08D9C0-C3D4-4C31-972F-7891AB59E39B}.Release|Any CPU.ActiveCfg = Release|Any CPU
		{FA08D9C0-C3D4-4C31-972F-7891AB59E39B}.Release|Any CPU.Build.0 = Release|Any CPU
		{FA08D9C0-C3D4-4C31-972F-7891AB59E39B}.Release|x64.ActiveCfg = Release|x64
		{FA08D9C0-C3D4-4C31-972F-7891AB59E39B}.Release|x64.Build.0 = Release|x64
		{FA08D9C0-C3D4-4C31-972F-7891AB59E39B}.Release|x86.ActiveCfg = Release|x86
		{FA08D9C0-C3D4-4C31-972F-7891AB59E39B}.Release|x86.Build.0 = Release|x86
		{9F9C27F5-5A84-4EA0-8622-E7E9CEDD8482}.Debug|Any CPU.ActiveCfg = Debug|Any CPU
		{9F9C27F5-5A84-4EA0-8622-E7E9CEDD8482}.Debug|Any CPU.Build.0 = Debug|Any CPU
		{9F9C27F5-5A84-4EA0-8622-E7E9CEDD8482}.Debug|Any CPU.Deploy.0 = Debug|Any CPU
		{9F9C27F5-5A84-4EA0-8622-E7E9CEDD8482}.Debug|x64.ActiveCfg = Debug|Any CPU
		{9F9C27F5-5A84-4EA0-8622-E7E9CEDD8482}.Debug|x64.Build.0 = Debug|Any CPU
		{9F9C27F5-5A84-4EA0-8622-E7E9CEDD8482}.Debug|x86.ActiveCfg = Debug|Any CPU
		{9F9C27F5-5A84-4EA0-8622-E7E9CEDD8482}.Debug|x86.Build.0 = Debug|Any CPU
		{9F9C27F5-5A84-4EA0-8622-E7E9CEDD8482}.portugalholidayrentals.com|Any CPU.ActiveCfg = Release|Any CPU
		{9F9C27F5-5A84-4EA0-8622-E7E9CEDD8482}.portugalholidayrentals.com|Any CPU.Build.0 = Release|Any CPU
		{9F9C27F5-5A84-4EA0-8622-E7E9CEDD8482}.portugalholidayrentals.com|x64.ActiveCfg = Release|Any CPU
		{9F9C27F5-5A84-4EA0-8622-E7E9CEDD8482}.portugalholidayrentals.com|x64.Build.0 = Release|Any CPU
		{9F9C27F5-5A84-4EA0-8622-E7E9CEDD8482}.portugalholidayrentals.com|x86.ActiveCfg = Release|Any CPU
		{9F9C27F5-5A84-4EA0-8622-E7E9CEDD8482}.portugalholidayrentals.com|x86.Build.0 = Release|Any CPU
		{9F9C27F5-5A84-4EA0-8622-E7E9CEDD8482}.portugalrentalcottages.com|Any CPU.ActiveCfg = Release|Any CPU
		{9F9C27F5-5A84-4EA0-8622-E7E9CEDD8482}.portugalrentalcottages.com|Any CPU.Build.0 = Release|Any CPU
		{9F9C27F5-5A84-4EA0-8622-E7E9CEDD8482}.portugalrentalcottages.com|x64.ActiveCfg = Release|Any CPU
		{9F9C27F5-5A84-4EA0-8622-E7E9CEDD8482}.portugalrentalcottages.com|x64.Build.0 = Release|Any CPU
		{9F9C27F5-5A84-4EA0-8622-E7E9CEDD8482}.portugalrentalcottages.com|x86.ActiveCfg = Release|Any CPU
		{9F9C27F5-5A84-4EA0-8622-E7E9CEDD8482}.portugalrentalcottages.com|x86.Build.0 = Release|Any CPU
		{9F9C27F5-5A84-4EA0-8622-E7E9CEDD8482}.Release|Any CPU.ActiveCfg = Release|Any CPU
		{9F9C27F5-5A84-4EA0-8622-E7E9CEDD8482}.Release|Any CPU.Build.0 = Release|Any CPU
		{9F9C27F5-5A84-4EA0-8622-E7E9CEDD8482}.Release|x64.ActiveCfg = Release|Any CPU
		{9F9C27F5-5A84-4EA0-8622-E7E9CEDD8482}.Release|x64.Build.0 = Release|Any CPU
		{9F9C27F5-5A84-4EA0-8622-E7E9CEDD8482}.Release|x86.ActiveCfg = Release|Any CPU
		{9F9C27F5-5A84-4EA0-8622-E7E9CEDD8482}.Release|x86.Build.0 = Release|Any CPU
		{350B27E8-2942-4288-BA71-D6F9CCD4A848}.Debug|Any CPU.ActiveCfg = Debug|Any CPU
		{350B27E8-2942-4288-BA71-D6F9CCD4A848}.Debug|Any CPU.Build.0 = Debug|Any CPU
		{350B27E8-2942-4288-BA71-D6F9CCD4A848}.Debug|x64.ActiveCfg = Debug|Any CPU
		{350B27E8-2942-4288-BA71-D6F9CCD4A848}.Debug|x86.ActiveCfg = Debug|Any CPU
		{350B27E8-2942-4288-BA71-D6F9CCD4A848}.portugalholidayrentals.com|Any CPU.ActiveCfg = Release|Any CPU
		{350B27E8-2942-4288-BA71-D6F9CCD4A848}.portugalholidayrentals.com|x64.ActiveCfg = Release|Any CPU
		{350B27E8-2942-4288-BA71-D6F9CCD4A848}.portugalholidayrentals.com|x86.ActiveCfg = Release|Any CPU
		{350B27E8-2942-4288-BA71-D6F9CCD4A848}.portugalrentalcottages.com|Any CPU.ActiveCfg = Release|Any CPU
		{350B27E8-2942-4288-BA71-D6F9CCD4A848}.portugalrentalcottages.com|x64.ActiveCfg = Release|Any CPU
		{350B27E8-2942-4288-BA71-D6F9CCD4A848}.portugalrentalcottages.com|x86.ActiveCfg = Release|Any CPU
		{350B27E8-2942-4288-BA71-D6F9CCD4A848}.Release|Any CPU.ActiveCfg = Release|Any CPU
		{350B27E8-2942-4288-BA71-D6F9CCD4A848}.Release|Any CPU.Build.0 = Release|Any CPU
		{350B27E8-2942-4288-BA71-D6F9CCD4A848}.Release|x64.ActiveCfg = Release|Any CPU
		{350B27E8-2942-4288-BA71-D6F9CCD4A848}.Release|x86.ActiveCfg = Release|Any CPU
		{859053F1-7F43-4373-B0B4-3F8813CEE302}.Debug|Any CPU.ActiveCfg = Debug|Any CPU
		{859053F1-7F43-4373-B0B4-3F8813CEE302}.Debug|Any CPU.Build.0 = Debug|Any CPU
		{859053F1-7F43-4373-B0B4-3F8813CEE302}.Debug|x64.ActiveCfg = Debug|Any CPU
		{859053F1-7F43-4373-B0B4-3F8813CEE302}.Debug|x64.Build.0 = Debug|Any CPU
		{859053F1-7F43-4373-B0B4-3F8813CEE302}.Debug|x86.ActiveCfg = Debug|Any CPU
		{859053F1-7F43-4373-B0B4-3F8813CEE302}.Debug|x86.Build.0 = Debug|Any CPU
		{859053F1-7F43-4373-B0B4-3F8813CEE302}.portugalholidayrentals.com|Any CPU.ActiveCfg = Release|Any CPU
		{859053F1-7F43-4373-B0B4-3F8813CEE302}.portugalholidayrentals.com|Any CPU.Build.0 = Release|Any CPU
		{859053F1-7F43-4373-B0B4-3F8813CEE302}.portugalholidayrentals.com|x64.ActiveCfg = Release|Any CPU
		{859053F1-7F43-4373-B0B4-3F8813CEE302}.portugalholidayrentals.com|x64.Build.0 = Release|Any CPU
		{859053F1-7F43-4373-B0B4-3F8813CEE302}.portugalholidayrentals.com|x86.ActiveCfg = Release|Any CPU
		{859053F1-7F43-4373-B0B4-3F8813CEE302}.portugalholidayrentals.com|x86.Build.0 = Release|Any CPU
		{859053F1-7F43-4373-B0B4-3F8813CEE302}.portugalrentalcottages.com|Any CPU.ActiveCfg = Release|Any CPU
		{859053F1-7F43-4373-B0B4-3F8813CEE302}.portugalrentalcottages.com|Any CPU.Build.0 = Release|Any CPU
		{859053F1-7F43-4373-B0B4-3F8813CEE302}.portugalrentalcottages.com|x64.ActiveCfg = Release|Any CPU
		{859053F1-7F43-4373-B0B4-3F8813CEE302}.portugalrentalcottages.com|x64.Build.0 = Release|Any CPU
		{859053F1-7F43-4373-B0B4-3F8813CEE302}.portugalrentalcottages.com|x86.ActiveCfg = Release|Any CPU
		{859053F1-7F43-4373-B0B4-3F8813CEE302}.portugalrentalcottages.com|x86.Build.0 = Release|Any CPU
		{859053F1-7F43-4373-B0B4-3F8813CEE302}.Release|Any CPU.ActiveCfg = Release|Any CPU
		{859053F1-7F43-4373-B0B4-3F8813CEE302}.Release|Any CPU.Build.0 = Release|Any CPU
		{859053F1-7F43-4373-B0B4-3F8813CEE302}.Release|x64.ActiveCfg = Release|Any CPU
		{859053F1-7F43-4373-B0B4-3F8813CEE302}.Release|x64.Build.0 = Release|Any CPU
		{859053F1-7F43-4373-B0B4-3F8813CEE302}.Release|x86.ActiveCfg = Release|Any CPU
		{859053F1-7F43-4373-B0B4-3F8813CEE302}.Release|x86.Build.0 = Release|Any CPU
		{BD2EDF0F-6EA5-47F1-BAC9-4981FDB13B0E}.Debug|Any CPU.ActiveCfg = Debug|Any CPU
		{BD2EDF0F-6EA5-47F1-BAC9-4981FDB13B0E}.Debug|Any CPU.Build.0 = Debug|Any CPU
		{BD2EDF0F-6EA5-47F1-BAC9-4981FDB13B0E}.Debug|x64.ActiveCfg = Debug|Any CPU
		{BD2EDF0F-6EA5-47F1-BAC9-4981FDB13B0E}.Debug|x64.Build.0 = Debug|Any CPU
		{BD2EDF0F-6EA5-47F1-BAC9-4981FDB13B0E}.Debug|x86.ActiveCfg = Debug|Any CPU
		{BD2EDF0F-6EA5-47F1-BAC9-4981FDB13B0E}.Debug|x86.Build.0 = Debug|Any CPU
		{BD2EDF0F-6EA5-47F1-BAC9-4981FDB13B0E}.portugalholidayrentals.com|Any CPU.ActiveCfg = Release|Any CPU
		{BD2EDF0F-6EA5-47F1-BAC9-4981FDB13B0E}.portugalholidayrentals.com|Any CPU.Build.0 = Release|Any CPU
		{BD2EDF0F-6EA5-47F1-BAC9-4981FDB13B0E}.portugalholidayrentals.com|x64.ActiveCfg = Release|Any CPU
		{BD2EDF0F-6EA5-47F1-BAC9-4981FDB13B0E}.portugalholidayrentals.com|x64.Build.0 = Release|Any CPU
		{BD2EDF0F-6EA5-47F1-BAC9-4981FDB13B0E}.portugalholidayrentals.com|x86.ActiveCfg = Release|Any CPU
		{BD2EDF0F-6EA5-47F1-BAC9-4981FDB13B0E}.portugalholidayrentals.com|x86.Build.0 = Release|Any CPU
		{BD2EDF0F-6EA5-47F1-BAC9-4981FDB13B0E}.portugalrentalcottages.com|Any CPU.ActiveCfg = Release|Any CPU
		{BD2EDF0F-6EA5-47F1-BAC9-4981FDB13B0E}.portugalrentalcottages.com|Any CPU.Build.0 = Release|Any CPU
		{BD2EDF0F-6EA5-47F1-BAC9-4981FDB13B0E}.portugalrentalcottages.com|x64.ActiveCfg = Release|Any CPU
		{BD2EDF0F-6EA5-47F1-BAC9-4981FDB13B0E}.portugalrentalcottages.com|x64.Build.0 = Release|Any CPU
		{BD2EDF0F-6EA5-47F1-BAC9-4981FDB13B0E}.portugalrentalcottages.com|x86.ActiveCfg = Release|Any CPU
		{BD2EDF0F-6EA5-47F1-BAC9-4981FDB13B0E}.portugalrentalcottages.com|x86.Build.0 = Release|Any CPU
		{BD2EDF0F-6EA5-47F1-BAC9-4981FDB13B0E}.Release|Any CPU.ActiveCfg = Release|Any CPU
		{BD2EDF0F-6EA5-47F1-BAC9-4981FDB13B0E}.Release|Any CPU.Build.0 = Release|Any CPU
		{BD2EDF0F-6EA5-47F1-BAC9-4981FDB13B0E}.Release|x64.ActiveCfg = Release|Any CPU
		{BD2EDF0F-6EA5-47F1-BAC9-4981FDB13B0E}.Release|x64.Build.0 = Release|Any CPU
		{BD2EDF0F-6EA5-47F1-BAC9-4981FDB13B0E}.Release|x86.ActiveCfg = Release|Any CPU
		{BD2EDF0F-6EA5-47F1-BAC9-4981FDB13B0E}.Release|x86.Build.0 = Release|Any CPU
		{969F19D3-0D47-4DAD-B05D-BC0A2930CBCE}.Debug|Any CPU.ActiveCfg = Debug|Any CPU
		{969F19D3-0D47-4DAD-B05D-BC0A2930CBCE}.Debug|Any CPU.Build.0 = Debug|Any CPU
		{969F19D3-0D47-4DAD-B05D-BC0A2930CBCE}.Debug|x64.ActiveCfg = Debug|Any CPU
		{969F19D3-0D47-4DAD-B05D-BC0A2930CBCE}.Debug|x64.Build.0 = Debug|Any CPU
		{969F19D3-0D47-4DAD-B05D-BC0A2930CBCE}.Debug|x86.ActiveCfg = Debug|Any CPU
		{969F19D3-0D47-4DAD-B05D-BC0A2930CBCE}.Debug|x86.Build.0 = Debug|Any CPU
		{969F19D3-0D47-4DAD-B05D-BC0A2930CBCE}.portugalholidayrentals.com|Any CPU.ActiveCfg = Release|Any CPU
		{969F19D3-0D47-4DAD-B05D-BC0A2930CBCE}.portugalholidayrentals.com|Any CPU.Build.0 = Release|Any CPU
		{969F19D3-0D47-4DAD-B05D-BC0A2930CBCE}.portugalholidayrentals.com|x64.ActiveCfg = Release|Any CPU
		{969F19D3-0D47-4DAD-B05D-BC0A2930CBCE}.portugalholidayrentals.com|x64.Build.0 = Release|Any CPU
		{969F19D3-0D47-4DAD-B05D-BC0A2930CBCE}.portugalholidayrentals.com|x86.ActiveCfg = Release|Any CPU
		{969F19D3-0D47-4DAD-B05D-BC0A2930CBCE}.portugalholidayrentals.com|x86.Build.0 = Release|Any CPU
		{969F19D3-0D47-4DAD-B05D-BC0A2930CBCE}.portugalrentalcottages.com|Any CPU.ActiveCfg = Release|Any CPU
		{969F19D3-0D47-4DAD-B05D-BC0A2930CBCE}.portugalrentalcottages.com|Any CPU.Build.0 = Release|Any CPU
		{969F19D3-0D47-4DAD-B05D-BC0A2930CBCE}.portugalrentalcottages.com|x64.ActiveCfg = Release|Any CPU
		{969F19D3-0D47-4DAD-B05D-BC0A2930CBCE}.portugalrentalcottages.com|x64.Build.0 = Release|Any CPU
		{969F19D3-0D47-4DAD-B05D-BC0A2930CBCE}.portugalrentalcottages.com|x86.ActiveCfg = Release|Any CPU
		{969F19D3-0D47-4DAD-B05D-BC0A2930CBCE}.portugalrentalcottages.com|x86.Build.0 = Release|Any CPU
		{969F19D3-0D47-4DAD-B05D-BC0A2930CBCE}.Release|Any CPU.ActiveCfg = Release|Any CPU
		{969F19D3-0D47-4DAD-B05D-BC0A2930CBCE}.Release|Any CPU.Build.0 = Release|Any CPU
		{969F19D3-0D47-4DAD-B05D-BC0A2930CBCE}.Release|x64.ActiveCfg = Release|Any CPU
		{969F19D3-0D47-4DAD-B05D-BC0A2930CBCE}.Release|x64.Build.0 = Release|Any CPU
		{969F19D3-0D47-4DAD-B05D-BC0A2930CBCE}.Release|x86.ActiveCfg = Release|Any CPU
		{969F19D3-0D47-4DAD-B05D-BC0A2930CBCE}.Release|x86.Build.0 = Release|Any CPU
		{F458CC1A-A528-4D6F-8684-CA4F0B619105}.Debug|Any CPU.ActiveCfg = Debug|Any CPU
		{F458CC1A-A528-4D6F-8684-CA4F0B619105}.Debug|Any CPU.Build.0 = Debug|Any CPU
		{F458CC1A-A528-4D6F-8684-CA4F0B619105}.Debug|x64.ActiveCfg = Debug|Any CPU
		{F458CC1A-A528-4D6F-8684-CA4F0B619105}.Debug|x64.Build.0 = Debug|Any CPU
		{F458CC1A-A528-4D6F-8684-CA4F0B619105}.Debug|x86.ActiveCfg = Debug|Any CPU
		{F458CC1A-A528-4D6F-8684-CA4F0B619105}.Debug|x86.Build.0 = Debug|Any CPU
		{F458CC1A-A528-4D6F-8684-CA4F0B619105}.portugalholidayrentals.com|Any CPU.ActiveCfg = Release|Any CPU
		{F458CC1A-A528-4D6F-8684-CA4F0B619105}.portugalholidayrentals.com|Any CPU.Build.0 = Release|Any CPU
		{F458CC1A-A528-4D6F-8684-CA4F0B619105}.portugalholidayrentals.com|x64.ActiveCfg = Release|Any CPU
		{F458CC1A-A528-4D6F-8684-CA4F0B619105}.portugalholidayrentals.com|x64.Build.0 = Release|Any CPU
		{F458CC1A-A528-4D6F-8684-CA4F0B619105}.portugalholidayrentals.com|x86.ActiveCfg = Release|Any CPU
		{F458CC1A-A528-4D6F-8684-CA4F0B619105}.portugalholidayrentals.com|x86.Build.0 = Release|Any CPU
		{F458CC1A-A528-4D6F-8684-CA4F0B619105}.portugalrentalcottages.com|Any CPU.ActiveCfg = Release|Any CPU
		{F458CC1A-A528-4D6F-8684-CA4F0B619105}.portugalrentalcottages.com|Any CPU.Build.0 = Release|Any CPU
		{F458CC1A-A528-4D6F-8684-CA4F0B619105}.portugalrentalcottages.com|x64.ActiveCfg = Release|Any CPU
		{F458CC1A-A528-4D6F-8684-CA4F0B619105}.portugalrentalcottages.com|x64.Build.0 = Release|Any CPU
		{F458CC1A-A528-4D6F-8684-CA4F0B619105}.portugalrentalcottages.com|x86.ActiveCfg = Release|Any CPU
		{F458CC1A-A528-4D6F-8684-CA4F0B619105}.portugalrentalcottages.com|x86.Build.0 = Release|Any CPU
		{F458CC1A-A528-4D6F-8684-CA4F0B619105}.Release|Any CPU.ActiveCfg = Release|Any CPU
		{F458CC1A-A528-4D6F-8684-CA4F0B619105}.Release|Any CPU.Build.0 = Release|Any CPU
		{F458CC1A-A528-4D6F-8684-CA4F0B619105}.Release|x64.ActiveCfg = Release|Any CPU
		{F458CC1A-A528-4D6F-8684-CA4F0B619105}.Release|x64.Build.0 = Release|Any CPU
		{F458CC1A-A528-4D6F-8684-CA4F0B619105}.Release|x86.ActiveCfg = Release|Any CPU
		{F458CC1A-A528-4D6F-8684-CA4F0B619105}.Release|x86.Build.0 = Release|Any CPU
		{A8A4FB28-F310-4B1E-8781-301D25A60C48}.Debug|Any CPU.ActiveCfg = Debug|Any CPU
		{A8A4FB28-F310-4B1E-8781-301D25A60C48}.Debug|Any CPU.Build.0 = Debug|Any CPU
		{A8A4FB28-F310-4B1E-8781-301D25A60C48}.Debug|x64.ActiveCfg = Debug|Any CPU
		{A8A4FB28-F310-4B1E-8781-301D25A60C48}.Debug|x64.Build.0 = Debug|Any CPU
		{A8A4FB28-F310-4B1E-8781-301D25A60C48}.Debug|x86.ActiveCfg = Debug|Any CPU
		{A8A4FB28-F310-4B1E-8781-301D25A60C48}.Debug|x86.Build.0 = Debug|Any CPU
		{A8A4FB28-F310-4B1E-8781-301D25A60C48}.portugalholidayrentals.com|Any CPU.ActiveCfg = Release|Any CPU
		{A8A4FB28-F310-4B1E-8781-301D25A60C48}.portugalholidayrentals.com|Any CPU.Build.0 = Release|Any CPU
		{A8A4FB28-F310-4B1E-8781-301D25A60C48}.portugalholidayrentals.com|x64.ActiveCfg = Release|Any CPU
		{A8A4FB28-F310-4B1E-8781-301D25A60C48}.portugalholidayrentals.com|x64.Build.0 = Release|Any CPU
		{A8A4FB28-F310-4B1E-8781-301D25A60C48}.portugalholidayrentals.com|x86.ActiveCfg = Release|Any CPU
		{A8A4FB28-F310-4B1E-8781-301D25A60C48}.portugalholidayrentals.com|x86.Build.0 = Release|Any CPU
		{A8A4FB28-F310-4B1E-8781-301D25A60C48}.portugalrentalcottages.com|Any CPU.ActiveCfg = Release|Any CPU
		{A8A4FB28-F310-4B1E-8781-301D25A60C48}.portugalrentalcottages.com|Any CPU.Build.0 = Release|Any CPU
		{A8A4FB28-F310-4B1E-8781-301D25A60C48}.portugalrentalcottages.com|x64.ActiveCfg = Release|Any CPU
		{A8A4FB28-F310-4B1E-8781-301D25A60C48}.portugalrentalcottages.com|x64.Build.0 = Release|Any CPU
		{A8A4FB28-F310-4B1E-8781-301D25A60C48}.portugalrentalcottages.com|x86.ActiveCfg = Release|Any CPU
		{A8A4FB28-F310-4B1E-8781-301D25A60C48}.portugalrentalcottages.com|x86.Build.0 = Release|Any CPU
		{A8A4FB28-F310-4B1E-8781-301D25A60C48}.Release|Any CPU.ActiveCfg = Release|Any CPU
		{A8A4FB28-F310-4B1E-8781-301D25A60C48}.Release|Any CPU.Build.0 = Release|Any CPU
		{A8A4FB28-F310-4B1E-8781-301D25A60C48}.Release|x64.ActiveCfg = Release|Any CPU
		{A8A4FB28-F310-4B1E-8781-301D25A60C48}.Release|x64.Build.0 = Release|Any CPU
		{A8A4FB28-F310-4B1E-8781-301D25A60C48}.Release|x86.ActiveCfg = Release|Any CPU
		{A8A4FB28-F310-4B1E-8781-301D25A60C48}.Release|x86.Build.0 = Release|Any CPU
		{05155BC7-9375-46B5-9034-A736048C9095}.Debug|Any CPU.ActiveCfg = Debug|Any CPU
		{05155BC7-9375-46B5-9034-A736048C9095}.Debug|Any CPU.Build.0 = Debug|Any CPU
		{05155BC7-9375-46B5-9034-A736048C9095}.Debug|x64.ActiveCfg = Debug|Any CPU
		{05155BC7-9375-46B5-9034-A736048C9095}.Debug|x64.Build.0 = Debug|Any CPU
		{05155BC7-9375-46B5-9034-A736048C9095}.Debug|x86.ActiveCfg = Debug|Any CPU
		{05155BC7-9375-46B5-9034-A736048C9095}.Debug|x86.Build.0 = Debug|Any CPU
		{05155BC7-9375-46B5-9034-A736048C9095}.portugalholidayrentals.com|Any CPU.ActiveCfg = Release|Any CPU
		{05155BC7-9375-46B5-9034-A736048C9095}.portugalholidayrentals.com|Any CPU.Build.0 = Release|Any CPU
		{05155BC7-9375-46B5-9034-A736048C9095}.portugalholidayrentals.com|x64.ActiveCfg = Release|Any CPU
		{05155BC7-9375-46B5-9034-A736048C9095}.portugalholidayrentals.com|x64.Build.0 = Release|Any CPU
		{05155BC7-9375-46B5-9034-A736048C9095}.portugalholidayrentals.com|x86.ActiveCfg = Release|Any CPU
		{05155BC7-9375-46B5-9034-A736048C9095}.portugalholidayrentals.com|x86.Build.0 = Release|Any CPU
		{05155BC7-9375-46B5-9034-A736048C9095}.portugalrentalcottages.com|Any CPU.ActiveCfg = Release|Any CPU
		{05155BC7-9375-46B5-9034-A736048C9095}.portugalrentalcottages.com|Any CPU.Build.0 = Release|Any CPU
		{05155BC7-9375-46B5-9034-A736048C9095}.portugalrentalcottages.com|x64.ActiveCfg = Release|Any CPU
		{05155BC7-9375-46B5-9034-A736048C9095}.portugalrentalcottages.com|x64.Build.0 = Release|Any CPU
		{05155BC7-9375-46B5-9034-A736048C9095}.portugalrentalcottages.com|x86.ActiveCfg = Release|Any CPU
		{05155BC7-9375-46B5-9034-A736048C9095}.portugalrentalcottages.com|x86.Build.0 = Release|Any CPU
		{05155BC7-9375-46B5-9034-A736048C9095}.Release|Any CPU.ActiveCfg = Release|Any CPU
		{05155BC7-9375-46B5-9034-A736048C9095}.Release|Any CPU.Build.0 = Release|Any CPU
		{05155BC7-9375-46B5-9034-A736048C9095}.Release|x64.ActiveCfg = Release|Any CPU
		{05155BC7-9375-46B5-9034-A736048C9095}.Release|x64.Build.0 = Release|Any CPU
		{05155BC7-9375-46B5-9034-A736048C9095}.Release|x86.ActiveCfg = Release|Any CPU
		{05155BC7-9375-46B5-9034-A736048C9095}.Release|x86.Build.0 = Release|Any CPU
		{80C42675-B029-40AD-B7CE-A354FE14EE2D}.Debug|Any CPU.ActiveCfg = Debug|Any CPU
		{80C42675-B029-40AD-B7CE-A354FE14EE2D}.Debug|Any CPU.Build.0 = Debug|Any CPU
		{80C42675-B029-40AD-B7CE-A354FE14EE2D}.Debug|x64.ActiveCfg = Debug|Any CPU
		{80C42675-B029-40AD-B7CE-A354FE14EE2D}.Debug|x64.Build.0 = Debug|Any CPU
		{80C42675-B029-40AD-B7CE-A354FE14EE2D}.Debug|x86.ActiveCfg = Debug|Any CPU
		{80C42675-B029-40AD-B7CE-A354FE14EE2D}.Debug|x86.Build.0 = Debug|Any CPU
		{80C42675-B029-40AD-B7CE-A354FE14EE2D}.portugalholidayrentals.com|Any CPU.ActiveCfg = Release|Any CPU
		{80C42675-B029-40AD-B7CE-A354FE14EE2D}.portugalholidayrentals.com|Any CPU.Build.0 = Release|Any CPU
		{80C42675-B029-40AD-B7CE-A354FE14EE2D}.portugalholidayrentals.com|x64.ActiveCfg = Release|Any CPU
		{80C42675-B029-40AD-B7CE-A354FE14EE2D}.portugalholidayrentals.com|x64.Build.0 = Release|Any CPU
		{80C42675-B029-40AD-B7CE-A354FE14EE2D}.portugalholidayrentals.com|x86.ActiveCfg = Release|Any CPU
		{80C42675-B029-40AD-B7CE-A354FE14EE2D}.portugalholidayrentals.com|x86.Build.0 = Release|Any CPU
		{80C42675-B029-40AD-B7CE-A354FE14EE2D}.portugalrentalcottages.com|Any CPU.ActiveCfg = Release|Any CPU
		{80C42675-B029-40AD-B7CE-A354FE14EE2D}.portugalrentalcottages.com|Any CPU.Build.0 = Release|Any CPU
		{80C42675-B029-40AD-B7CE-A354FE14EE2D}.portugalrentalcottages.com|x64.ActiveCfg = Release|Any CPU
		{80C42675-B029-40AD-B7CE-A354FE14EE2D}.portugalrentalcottages.com|x64.Build.0 = Release|Any CPU
		{80C42675-B029-40AD-B7CE-A354FE14EE2D}.portugalrentalcottages.com|x86.ActiveCfg = Release|Any CPU
		{80C42675-B029-40AD-B7CE-A354FE14EE2D}.portugalrentalcottages.com|x86.Build.0 = Release|Any CPU
		{80C42675-B029-40AD-B7CE-A354FE14EE2D}.Release|Any CPU.ActiveCfg = Release|Any CPU
		{80C42675-B029-40AD-B7CE-A354FE14EE2D}.Release|Any CPU.Build.0 = Release|Any CPU
		{80C42675-B029-40AD-B7CE-A354FE14EE2D}.Release|x64.ActiveCfg = Release|Any CPU
		{80C42675-B029-40AD-B7CE-A354FE14EE2D}.Release|x64.Build.0 = Release|Any CPU
		{80C42675-B029-40AD-B7CE-A354FE14EE2D}.Release|x86.ActiveCfg = Release|Any CPU
		{80C42675-B029-40AD-B7CE-A354FE14EE2D}.Release|x86.Build.0 = Release|Any CPU
		{1113F440-E9CA-4DB3-8CEF-2834731F2CEE}.Debug|Any CPU.ActiveCfg = Debug|Any CPU
		{1113F440-E9CA-4DB3-8CEF-2834731F2CEE}.Debug|Any CPU.Build.0 = Debug|Any CPU
		{1113F440-E9CA-4DB3-8CEF-2834731F2CEE}.Debug|x64.ActiveCfg = Debug|Any CPU
		{1113F440-E9CA-4DB3-8CEF-2834731F2CEE}.Debug|x64.Build.0 = Debug|Any CPU
		{1113F440-E9CA-4DB3-8CEF-2834731F2CEE}.Debug|x86.ActiveCfg = Debug|Any CPU
		{1113F440-E9CA-4DB3-8CEF-2834731F2CEE}.Debug|x86.Build.0 = Debug|Any CPU
		{1113F440-E9CA-4DB3-8CEF-2834731F2CEE}.portugalholidayrentals.com|Any CPU.ActiveCfg = Release|Any CPU
		{1113F440-E9CA-4DB3-8CEF-2834731F2CEE}.portugalholidayrentals.com|Any CPU.Build.0 = Release|Any CPU
		{1113F440-E9CA-4DB3-8CEF-2834731F2CEE}.portugalholidayrentals.com|x64.ActiveCfg = Release|Any CPU
		{1113F440-E9CA-4DB3-8CEF-2834731F2CEE}.portugalholidayrentals.com|x64.Build.0 = Release|Any CPU
		{1113F440-E9CA-4DB3-8CEF-2834731F2CEE}.portugalholidayrentals.com|x86.ActiveCfg = Release|Any CPU
		{1113F440-E9CA-4DB3-8CEF-2834731F2CEE}.portugalholidayrentals.com|x86.Build.0 = Release|Any CPU
		{1113F440-E9CA-4DB3-8CEF-2834731F2CEE}.portugalrentalcottages.com|Any CPU.ActiveCfg = Release|Any CPU
		{1113F440-E9CA-4DB3-8CEF-2834731F2CEE}.portugalrentalcottages.com|Any CPU.Build.0 = Release|Any CPU
		{1113F440-E9CA-4DB3-8CEF-2834731F2CEE}.portugalrentalcottages.com|x64.ActiveCfg = Release|Any CPU
		{1113F440-E9CA-4DB3-8CEF-2834731F2CEE}.portugalrentalcottages.com|x64.Build.0 = Release|Any CPU
		{1113F440-E9CA-4DB3-8CEF-2834731F2CEE}.portugalrentalcottages.com|x86.ActiveCfg = Release|Any CPU
		{1113F440-E9CA-4DB3-8CEF-2834731F2CEE}.portugalrentalcottages.com|x86.Build.0 = Release|Any CPU
		{1113F440-E9CA-4DB3-8CEF-2834731F2CEE}.Release|Any CPU.ActiveCfg = Release|Any CPU
		{1113F440-E9CA-4DB3-8CEF-2834731F2CEE}.Release|Any CPU.Build.0 = Release|Any CPU
		{1113F440-E9CA-4DB3-8CEF-2834731F2CEE}.Release|x64.ActiveCfg = Release|Any CPU
		{1113F440-E9CA-4DB3-8CEF-2834731F2CEE}.Release|x64.Build.0 = Release|Any CPU
		{1113F440-E9CA-4DB3-8CEF-2834731F2CEE}.Release|x86.ActiveCfg = Release|Any CPU
		{1113F440-E9CA-4DB3-8CEF-2834731F2CEE}.Release|x86.Build.0 = Release|Any CPU
		{7FB2A863-7898-462E-85C8-BE4FC7A59259}.Debug|Any CPU.ActiveCfg = Debug|Any CPU
		{7FB2A863-7898-462E-85C8-BE4FC7A59259}.Debug|Any CPU.Build.0 = Debug|Any CPU
		{7FB2A863-7898-462E-85C8-BE4FC7A59259}.Debug|x64.ActiveCfg = Debug|Any CPU
		{7FB2A863-7898-462E-85C8-BE4FC7A59259}.Debug|x64.Build.0 = Debug|Any CPU
		{7FB2A863-7898-462E-85C8-BE4FC7A59259}.Debug|x86.ActiveCfg = Debug|Any CPU
		{7FB2A863-7898-462E-85C8-BE4FC7A59259}.Debug|x86.Build.0 = Debug|Any CPU
		{7FB2A863-7898-462E-85C8-BE4FC7A59259}.portugalholidayrentals.com|Any CPU.ActiveCfg = Release|Any CPU
		{7FB2A863-7898-462E-85C8-BE4FC7A59259}.portugalholidayrentals.com|Any CPU.Build.0 = Release|Any CPU
		{7FB2A863-7898-462E-85C8-BE4FC7A59259}.portugalholidayrentals.com|x64.ActiveCfg = Release|Any CPU
		{7FB2A863-7898-462E-85C8-BE4FC7A59259}.portugalholidayrentals.com|x64.Build.0 = Release|Any CPU
		{7FB2A863-7898-462E-85C8-BE4FC7A59259}.portugalholidayrentals.com|x86.ActiveCfg = Release|Any CPU
		{7FB2A863-7898-462E-85C8-BE4FC7A59259}.portugalholidayrentals.com|x86.Build.0 = Release|Any CPU
		{7FB2A863-7898-462E-85C8-BE4FC7A59259}.portugalrentalcottages.com|Any CPU.ActiveCfg = Release|Any CPU
		{7FB2A863-7898-462E-85C8-BE4FC7A59259}.portugalrentalcottages.com|Any CPU.Build.0 = Release|Any CPU
		{7FB2A863-7898-462E-85C8-BE4FC7A59259}.portugalrentalcottages.com|x64.ActiveCfg = Release|Any CPU
		{7FB2A863-7898-462E-85C8-BE4FC7A59259}.portugalrentalcottages.com|x64.Build.0 = Release|Any CPU
		{7FB2A863-7898-462E-85C8-BE4FC7A59259}.portugalrentalcottages.com|x86.ActiveCfg = Release|Any CPU
		{7FB2A863-7898-462E-85C8-BE4FC7A59259}.portugalrentalcottages.com|x86.Build.0 = Release|Any CPU
		{7FB2A863-7898-462E-85C8-BE4FC7A59259}.Release|Any CPU.ActiveCfg = Release|Any CPU
		{7FB2A863-7898-462E-85C8-BE4FC7A59259}.Release|Any CPU.Build.0 = Release|Any CPU
		{7FB2A863-7898-462E-85C8-BE4FC7A59259}.Release|x64.ActiveCfg = Release|Any CPU
		{7FB2A863-7898-462E-85C8-BE4FC7A59259}.Release|x64.Build.0 = Release|Any CPU
		{7FB2A863-7898-462E-85C8-BE4FC7A59259}.Release|x86.ActiveCfg = Release|Any CPU
		{7FB2A863-7898-462E-85C8-BE4FC7A59259}.Release|x86.Build.0 = Release|Any CPU
		{D751F98B-F0FC-4459-8CC7-C1FE1E4036BE}.Debug|Any CPU.ActiveCfg = Debug|Any CPU
		{D751F98B-F0FC-4459-8CC7-C1FE1E4036BE}.Debug|Any CPU.Build.0 = Debug|Any CPU
		{D751F98B-F0FC-4459-8CC7-C1FE1E4036BE}.Debug|x64.ActiveCfg = Debug|Any CPU
		{D751F98B-F0FC-4459-8CC7-C1FE1E4036BE}.Debug|x64.Build.0 = Debug|Any CPU
		{D751F98B-F0FC-4459-8CC7-C1FE1E4036BE}.Debug|x86.ActiveCfg = Debug|Any CPU
		{D751F98B-F0FC-4459-8CC7-C1FE1E4036BE}.Debug|x86.Build.0 = Debug|Any CPU
		{D751F98B-F0FC-4459-8CC7-C1FE1E4036BE}.portugalholidayrentals.com|Any CPU.ActiveCfg = Release|Any CPU
		{D751F98B-F0FC-4459-8CC7-C1FE1E4036BE}.portugalholidayrentals.com|Any CPU.Build.0 = Release|Any CPU
		{D751F98B-F0FC-4459-8CC7-C1FE1E4036BE}.portugalholidayrentals.com|x64.ActiveCfg = Release|Any CPU
		{D751F98B-F0FC-4459-8CC7-C1FE1E4036BE}.portugalholidayrentals.com|x64.Build.0 = Release|Any CPU
		{D751F98B-F0FC-4459-8CC7-C1FE1E4036BE}.portugalholidayrentals.com|x86.ActiveCfg = Release|Any CPU
		{D751F98B-F0FC-4459-8CC7-C1FE1E4036BE}.portugalholidayrentals.com|x86.Build.0 = Release|Any CPU
		{D751F98B-F0FC-4459-8CC7-C1FE1E4036BE}.portugalrentalcottages.com|Any CPU.ActiveCfg = Release|Any CPU
		{D751F98B-F0FC-4459-8CC7-C1FE1E4036BE}.portugalrentalcottages.com|Any CPU.Build.0 = Release|Any CPU
		{D751F98B-F0FC-4459-8CC7-C1FE1E4036BE}.portugalrentalcottages.com|x64.ActiveCfg = Release|Any CPU
		{D751F98B-F0FC-4459-8CC7-C1FE1E4036BE}.portugalrentalcottages.com|x64.Build.0 = Release|Any CPU
		{D751F98B-F0FC-4459-8CC7-C1FE1E4036BE}.portugalrentalcottages.com|x86.ActiveCfg = Release|Any CPU
		{D751F98B-F0FC-4459-8CC7-C1FE1E4036BE}.portugalrentalcottages.com|x86.Build.0 = Release|Any CPU
		{D751F98B-F0FC-4459-8CC7-C1FE1E4036BE}.Release|Any CPU.ActiveCfg = Release|Any CPU
		{D751F98B-F0FC-4459-8CC7-C1FE1E4036BE}.Release|Any CPU.Build.0 = Release|Any CPU
		{D751F98B-F0FC-4459-8CC7-C1FE1E4036BE}.Release|x64.ActiveCfg = Release|Any CPU
		{D751F98B-F0FC-4459-8CC7-C1FE1E4036BE}.Release|x64.Build.0 = Release|Any CPU
		{D751F98B-F0FC-4459-8CC7-C1FE1E4036BE}.Release|x86.ActiveCfg = Release|Any CPU
		{D751F98B-F0FC-4459-8CC7-C1FE1E4036BE}.Release|x86.Build.0 = Release|Any CPU
		{7079B466-1249-43CD-97E3-57F7C6F5BCF1}.Debug|Any CPU.ActiveCfg = Debug|Any CPU
		{7079B466-1249-43CD-97E3-57F7C6F5BCF1}.Debug|Any CPU.Build.0 = Debug|Any CPU
		{7079B466-1249-43CD-97E3-57F7C6F5BCF1}.Debug|x64.ActiveCfg = Debug|Any CPU
		{7079B466-1249-43CD-97E3-57F7C6F5BCF1}.Debug|x64.Build.0 = Debug|Any CPU
		{7079B466-1249-43CD-97E3-57F7C6F5BCF1}.Debug|x86.ActiveCfg = Debug|Any CPU
		{7079B466-1249-43CD-97E3-57F7C6F5BCF1}.Debug|x86.Build.0 = Debug|Any CPU
		{7079B466-1249-43CD-97E3-57F7C6F5BCF1}.portugalholidayrentals.com|Any CPU.ActiveCfg = Release|Any CPU
		{7079B466-1249-43CD-97E3-57F7C6F5BCF1}.portugalholidayrentals.com|Any CPU.Build.0 = Release|Any CPU
		{7079B466-1249-43CD-97E3-57F7C6F5BCF1}.portugalholidayrentals.com|x64.ActiveCfg = Release|Any CPU
		{7079B466-1249-43CD-97E3-57F7C6F5BCF1}.portugalholidayrentals.com|x64.Build.0 = Release|Any CPU
		{7079B466-1249-43CD-97E3-57F7C6F5BCF1}.portugalholidayrentals.com|x86.ActiveCfg = Release|Any CPU
		{7079B466-1249-43CD-97E3-57F7C6F5BCF1}.portugalholidayrentals.com|x86.Build.0 = Release|Any CPU
		{7079B466-1249-43CD-97E3-57F7C6F5BCF1}.portugalrentalcottages.com|Any CPU.ActiveCfg = Release|Any CPU
		{7079B466-1249-43CD-97E3-57F7C6F5BCF1}.portugalrentalcottages.com|Any CPU.Build.0 = Release|Any CPU
		{7079B466-1249-43CD-97E3-57F7C6F5BCF1}.portugalrentalcottages.com|x64.ActiveCfg = Release|Any CPU
		{7079B466-1249-43CD-97E3-57F7C6F5BCF1}.portugalrentalcottages.com|x64.Build.0 = Release|Any CPU
		{7079B466-1249-43CD-97E3-57F7C6F5BCF1}.portugalrentalcottages.com|x86.ActiveCfg = Release|Any CPU
		{7079B466-1249-43CD-97E3-57F7C6F5BCF1}.portugalrentalcottages.com|x86.Build.0 = Release|Any CPU
		{7079B466-1249-43CD-97E3-57F7C6F5BCF1}.Release|Any CPU.ActiveCfg = Release|Any CPU
		{7079B466-1249-43CD-97E3-57F7C6F5BCF1}.Release|Any CPU.Build.0 = Release|Any CPU
		{7079B466-1249-43CD-97E3-57F7C6F5BCF1}.Release|x64.ActiveCfg = Release|Any CPU
		{7079B466-1249-43CD-97E3-57F7C6F5BCF1}.Release|x64.Build.0 = Release|Any CPU
		{7079B466-1249-43CD-97E3-57F7C6F5BCF1}.Release|x86.ActiveCfg = Release|Any CPU
		{7079B466-1249-43CD-97E3-57F7C6F5BCF1}.Release|x86.Build.0 = Release|Any CPU
		{C45EC65D-5B49-4E15-8E72-1B1960BF65A4}.Debug|Any CPU.ActiveCfg = Debug|Any CPU
		{C45EC65D-5B49-4E15-8E72-1B1960BF65A4}.Debug|Any CPU.Build.0 = Debug|Any CPU
		{C45EC65D-5B49-4E15-8E72-1B1960BF65A4}.Debug|x64.ActiveCfg = Debug|Any CPU
		{C45EC65D-5B49-4E15-8E72-1B1960BF65A4}.Debug|x64.Build.0 = Debug|Any CPU
		{C45EC65D-5B49-4E15-8E72-1B1960BF65A4}.Debug|x86.ActiveCfg = Debug|Any CPU
		{C45EC65D-5B49-4E15-8E72-1B1960BF65A4}.Debug|x86.Build.0 = Debug|Any CPU
		{C45EC65D-5B49-4E15-8E72-1B1960BF65A4}.portugalholidayrentals.com|Any CPU.ActiveCfg = Release|Any CPU
		{C45EC65D-5B49-4E15-8E72-1B1960BF65A4}.portugalholidayrentals.com|Any CPU.Build.0 = Release|Any CPU
		{C45EC65D-5B49-4E15-8E72-1B1960BF65A4}.portugalholidayrentals.com|x64.ActiveCfg = Release|Any CPU
		{C45EC65D-5B49-4E15-8E72-1B1960BF65A4}.portugalholidayrentals.com|x64.Build.0 = Release|Any CPU
		{C45EC65D-5B49-4E15-8E72-1B1960BF65A4}.portugalholidayrentals.com|x86.ActiveCfg = Release|Any CPU
		{C45EC65D-5B49-4E15-8E72-1B1960BF65A4}.portugalholidayrentals.com|x86.Build.0 = Release|Any CPU
		{C45EC65D-5B49-4E15-8E72-1B1960BF65A4}.portugalrentalcottages.com|Any CPU.ActiveCfg = Release|Any CPU
		{C45EC65D-5B49-4E15-8E72-1B1960BF65A4}.portugalrentalcottages.com|Any CPU.Build.0 = Release|Any CPU
		{C45EC65D-5B49-4E15-8E72-1B1960BF65A4}.portugalrentalcottages.com|x64.ActiveCfg = Release|Any CPU
		{C45EC65D-5B49-4E15-8E72-1B1960BF65A4}.portugalrentalcottages.com|x64.Build.0 = Release|Any CPU
		{C45EC65D-5B49-4E15-8E72-1B1960BF65A4}.portugalrentalcottages.com|x86.ActiveCfg = Release|Any CPU
		{C45EC65D-5B49-4E15-8E72-1B1960BF65A4}.portugalrentalcottages.com|x86.Build.0 = Release|Any CPU
		{C45EC65D-5B49-4E15-8E72-1B1960BF65A4}.Release|Any CPU.ActiveCfg = Release|Any CPU
		{C45EC65D-5B49-4E15-8E72-1B1960BF65A4}.Release|Any CPU.Build.0 = Release|Any CPU
		{C45EC65D-5B49-4E15-8E72-1B1960BF65A4}.Release|x64.ActiveCfg = Release|Any CPU
		{C45EC65D-5B49-4E15-8E72-1B1960BF65A4}.Release|x64.Build.0 = Release|Any CPU
		{C45EC65D-5B49-4E15-8E72-1B1960BF65A4}.Release|x86.ActiveCfg = Release|Any CPU
		{C45EC65D-5B49-4E15-8E72-1B1960BF65A4}.Release|x86.Build.0 = Release|Any CPU
		{43C50C33-9226-451C-A872-454E4F62020E}.Debug|Any CPU.ActiveCfg = Debug|Any CPU
		{43C50C33-9226-451C-A872-454E4F62020E}.Debug|Any CPU.Build.0 = Debug|Any CPU
		{43C50C33-9226-451C-A872-454E4F62020E}.Debug|x64.ActiveCfg = Debug|Any CPU
		{43C50C33-9226-451C-A872-454E4F62020E}.Debug|x64.Build.0 = Debug|Any CPU
		{43C50C33-9226-451C-A872-454E4F62020E}.Debug|x86.ActiveCfg = Debug|Any CPU
		{43C50C33-9226-451C-A872-454E4F62020E}.Debug|x86.Build.0 = Debug|Any CPU
		{43C50C33-9226-451C-A872-454E4F62020E}.portugalholidayrentals.com|Any CPU.ActiveCfg = Release|Any CPU
		{43C50C33-9226-451C-A872-454E4F62020E}.portugalholidayrentals.com|Any CPU.Build.0 = Release|Any CPU
		{43C50C33-9226-451C-A872-454E4F62020E}.portugalholidayrentals.com|x64.ActiveCfg = Release|Any CPU
		{43C50C33-9226-451C-A872-454E4F62020E}.portugalholidayrentals.com|x64.Build.0 = Release|Any CPU
		{43C50C33-9226-451C-A872-454E4F62020E}.portugalholidayrentals.com|x86.ActiveCfg = Release|Any CPU
		{43C50C33-9226-451C-A872-454E4F62020E}.portugalholidayrentals.com|x86.Build.0 = Release|Any CPU
		{43C50C33-9226-451C-A872-454E4F62020E}.portugalrentalcottages.com|Any CPU.ActiveCfg = Release|Any CPU
		{43C50C33-9226-451C-A872-454E4F62020E}.portugalrentalcottages.com|Any CPU.Build.0 = Release|Any CPU
		{43C50C33-9226-451C-A872-454E4F62020E}.portugalrentalcottages.com|x64.ActiveCfg = Release|Any CPU
		{43C50C33-9226-451C-A872-454E4F62020E}.portugalrentalcottages.com|x64.Build.0 = Release|Any CPU
		{43C50C33-9226-451C-A872-454E4F62020E}.portugalrentalcottages.com|x86.ActiveCfg = Release|Any CPU
		{43C50C33-9226-451C-A872-454E4F62020E}.portugalrentalcottages.com|x86.Build.0 = Release|Any CPU
		{43C50C33-9226-451C-A872-454E4F62020E}.Release|Any CPU.ActiveCfg = Release|Any CPU
		{43C50C33-9226-451C-A872-454E4F62020E}.Release|Any CPU.Build.0 = Release|Any CPU
		{43C50C33-9226-451C-A872-454E4F62020E}.Release|x64.ActiveCfg = Release|Any CPU
		{43C50C33-9226-451C-A872-454E4F62020E}.Release|x64.Build.0 = Release|Any CPU
		{43C50C33-9226-451C-A872-454E4F62020E}.Release|x86.ActiveCfg = Release|Any CPU
		{43C50C33-9226-451C-A872-454E4F62020E}.Release|x86.Build.0 = Release|Any CPU
		{B510BA9A-C912-45D4-8BC3-14409CA3CF9E}.Debug|Any CPU.ActiveCfg = Debug|Any CPU
		{B510BA9A-C912-45D4-8BC3-14409CA3CF9E}.Debug|Any CPU.Build.0 = Debug|Any CPU
		{B510BA9A-C912-45D4-8BC3-14409CA3CF9E}.Debug|x64.ActiveCfg = Debug|Any CPU
		{B510BA9A-C912-45D4-8BC3-14409CA3CF9E}.Debug|x64.Build.0 = Debug|Any CPU
		{B510BA9A-C912-45D4-8BC3-14409CA3CF9E}.Debug|x86.ActiveCfg = Debug|Any CPU
		{B510BA9A-C912-45D4-8BC3-14409CA3CF9E}.Debug|x86.Build.0 = Debug|Any CPU
		{B510BA9A-C912-45D4-8BC3-14409CA3CF9E}.portugalholidayrentals.com|Any CPU.ActiveCfg = Release|Any CPU
		{B510BA9A-C912-45D4-8BC3-14409CA3CF9E}.portugalholidayrentals.com|Any CPU.Build.0 = Release|Any CPU
		{B510BA9A-C912-45D4-8BC3-14409CA3CF9E}.portugalholidayrentals.com|x64.ActiveCfg = Release|Any CPU
		{B510BA9A-C912-45D4-8BC3-14409CA3CF9E}.portugalholidayrentals.com|x64.Build.0 = Release|Any CPU
		{B510BA9A-C912-45D4-8BC3-14409CA3CF9E}.portugalholidayrentals.com|x86.ActiveCfg = Release|Any CPU
		{B510BA9A-C912-45D4-8BC3-14409CA3CF9E}.portugalholidayrentals.com|x86.Build.0 = Release|Any CPU
		{B510BA9A-C912-45D4-8BC3-14409CA3CF9E}.portugalrentalcottages.com|Any CPU.ActiveCfg = Release|Any CPU
		{B510BA9A-C912-45D4-8BC3-14409CA3CF9E}.portugalrentalcottages.com|Any CPU.Build.0 = Release|Any CPU
		{B510BA9A-C912-45D4-8BC3-14409CA3CF9E}.portugalrentalcottages.com|x64.ActiveCfg = Release|Any CPU
		{B510BA9A-C912-45D4-8BC3-14409CA3CF9E}.portugalrentalcottages.com|x64.Build.0 = Release|Any CPU
		{B510BA9A-C912-45D4-8BC3-14409CA3CF9E}.portugalrentalcottages.com|x86.ActiveCfg = Release|Any CPU
		{B510BA9A-C912-45D4-8BC3-14409CA3CF9E}.portugalrentalcottages.com|x86.Build.0 = Release|Any CPU
		{B510BA9A-C912-45D4-8BC3-14409CA3CF9E}.Release|Any CPU.ActiveCfg = Release|Any CPU
		{B510BA9A-C912-45D4-8BC3-14409CA3CF9E}.Release|Any CPU.Build.0 = Release|Any CPU
		{B510BA9A-C912-45D4-8BC3-14409CA3CF9E}.Release|x64.ActiveCfg = Release|Any CPU
		{B510BA9A-C912-45D4-8BC3-14409CA3CF9E}.Release|x64.Build.0 = Release|Any CPU
		{B510BA9A-C912-45D4-8BC3-14409CA3CF9E}.Release|x86.ActiveCfg = Release|Any CPU
		{B510BA9A-C912-45D4-8BC3-14409CA3CF9E}.Release|x86.Build.0 = Release|Any CPU
		{D93F5A89-7513-4137-A0CD-6F723F721CBF}.Debug|Any CPU.ActiveCfg = Debug|Any CPU
		{D93F5A89-7513-4137-A0CD-6F723F721CBF}.Debug|Any CPU.Build.0 = Debug|Any CPU
		{D93F5A89-7513-4137-A0CD-6F723F721CBF}.Debug|x64.ActiveCfg = Debug|Any CPU
		{D93F5A89-7513-4137-A0CD-6F723F721CBF}.Debug|x64.Build.0 = Debug|Any CPU
		{D93F5A89-7513-4137-A0CD-6F723F721CBF}.Debug|x86.ActiveCfg = Debug|Any CPU
		{D93F5A89-7513-4137-A0CD-6F723F721CBF}.Debug|x86.Build.0 = Debug|Any CPU
		{D93F5A89-7513-4137-A0CD-6F723F721CBF}.portugalholidayrentals.com|Any CPU.ActiveCfg = Release|Any CPU
		{D93F5A89-7513-4137-A0CD-6F723F721CBF}.portugalholidayrentals.com|Any CPU.Build.0 = Release|Any CPU
		{D93F5A89-7513-4137-A0CD-6F723F721CBF}.portugalholidayrentals.com|x64.ActiveCfg = Release|Any CPU
		{D93F5A89-7513-4137-A0CD-6F723F721CBF}.portugalholidayrentals.com|x64.Build.0 = Release|Any CPU
		{D93F5A89-7513-4137-A0CD-6F723F721CBF}.portugalholidayrentals.com|x86.ActiveCfg = Release|Any CPU
		{D93F5A89-7513-4137-A0CD-6F723F721CBF}.portugalholidayrentals.com|x86.Build.0 = Release|Any CPU
		{D93F5A89-7513-4137-A0CD-6F723F721CBF}.portugalrentalcottages.com|Any CPU.ActiveCfg = Release|Any CPU
		{D93F5A89-7513-4137-A0CD-6F723F721CBF}.portugalrentalcottages.com|Any CPU.Build.0 = Release|Any CPU
		{D93F5A89-7513-4137-A0CD-6F723F721CBF}.portugalrentalcottages.com|x64.ActiveCfg = Release|Any CPU
		{D93F5A89-7513-4137-A0CD-6F723F721CBF}.portugalrentalcottages.com|x64.Build.0 = Release|Any CPU
		{D93F5A89-7513-4137-A0CD-6F723F721CBF}.portugalrentalcottages.com|x86.ActiveCfg = Release|Any CPU
		{D93F5A89-7513-4137-A0CD-6F723F721CBF}.portugalrentalcottages.com|x86.Build.0 = Release|Any CPU
		{D93F5A89-7513-4137-A0CD-6F723F721CBF}.Release|Any CPU.ActiveCfg = Release|Any CPU
		{D93F5A89-7513-4137-A0CD-6F723F721CBF}.Release|Any CPU.Build.0 = Release|Any CPU
		{D93F5A89-7513-4137-A0CD-6F723F721CBF}.Release|x64.ActiveCfg = Release|Any CPU
		{D93F5A89-7513-4137-A0CD-6F723F721CBF}.Release|x64.Build.0 = Release|Any CPU
		{D93F5A89-7513-4137-A0CD-6F723F721CBF}.Release|x86.ActiveCfg = Release|Any CPU
		{D93F5A89-7513-4137-A0CD-6F723F721CBF}.Release|x86.Build.0 = Release|Any CPU
		{816391D9-DAAC-4B50-BFEC-328969120949}.Debug|Any CPU.ActiveCfg = Debug|Any CPU
		{816391D9-DAAC-4B50-BFEC-328969120949}.Debug|Any CPU.Build.0 = Debug|Any CPU
		{816391D9-DAAC-4B50-BFEC-328969120949}.Debug|x64.ActiveCfg = Debug|Any CPU
		{816391D9-DAAC-4B50-BFEC-328969120949}.Debug|x64.Build.0 = Debug|Any CPU
		{816391D9-DAAC-4B50-BFEC-328969120949}.Debug|x86.ActiveCfg = Debug|Any CPU
		{816391D9-DAAC-4B50-BFEC-328969120949}.Debug|x86.Build.0 = Debug|Any CPU
		{816391D9-DAAC-4B50-BFEC-328969120949}.portugalholidayrentals.com|Any CPU.ActiveCfg = Release|Any CPU
		{816391D9-DAAC-4B50-BFEC-328969120949}.portugalholidayrentals.com|Any CPU.Build.0 = Release|Any CPU
		{816391D9-DAAC-4B50-BFEC-328969120949}.portugalholidayrentals.com|x64.ActiveCfg = Release|Any CPU
		{816391D9-DAAC-4B50-BFEC-328969120949}.portugalholidayrentals.com|x64.Build.0 = Release|Any CPU
		{816391D9-DAAC-4B50-BFEC-328969120949}.portugalholidayrentals.com|x86.ActiveCfg = Release|Any CPU
		{816391D9-DAAC-4B50-BFEC-328969120949}.portugalholidayrentals.com|x86.Build.0 = Release|Any CPU
		{816391D9-DAAC-4B50-BFEC-328969120949}.portugalrentalcottages.com|Any CPU.ActiveCfg = Release|Any CPU
		{816391D9-DAAC-4B50-BFEC-328969120949}.portugalrentalcottages.com|Any CPU.Build.0 = Release|Any CPU
		{816391D9-DAAC-4B50-BFEC-328969120949}.portugalrentalcottages.com|x64.ActiveCfg = Release|Any CPU
		{816391D9-DAAC-4B50-BFEC-328969120949}.portugalrentalcottages.com|x64.Build.0 = Release|Any CPU
		{816391D9-DAAC-4B50-BFEC-328969120949}.portugalrentalcottages.com|x86.ActiveCfg = Release|Any CPU
		{816391D9-DAAC-4B50-BFEC-328969120949}.portugalrentalcottages.com|x86.Build.0 = Release|Any CPU
		{816391D9-DAAC-4B50-BFEC-328969120949}.Release|Any CPU.ActiveCfg = Release|Any CPU
		{816391D9-DAAC-4B50-BFEC-328969120949}.Release|Any CPU.Build.0 = Release|Any CPU
		{816391D9-DAAC-4B50-BFEC-328969120949}.Release|x64.ActiveCfg = Release|Any CPU
		{816391D9-DAAC-4B50-BFEC-328969120949}.Release|x64.Build.0 = Release|Any CPU
		{816391D9-DAAC-4B50-BFEC-328969120949}.Release|x86.ActiveCfg = Release|Any CPU
		{816391D9-DAAC-4B50-BFEC-328969120949}.Release|x86.Build.0 = Release|Any CPU
		{1313662E-06DC-4C1A-93DA-5DC32AAE985B}.Debug|Any CPU.ActiveCfg = Debug|Any CPU
		{1313662E-06DC-4C1A-93DA-5DC32AAE985B}.Debug|Any CPU.Build.0 = Debug|Any CPU
		{1313662E-06DC-4C1A-93DA-5DC32AAE985B}.Debug|x64.ActiveCfg = Debug|Any CPU
		{1313662E-06DC-4C1A-93DA-5DC32AAE985B}.Debug|x64.Build.0 = Debug|Any CPU
		{1313662E-06DC-4C1A-93DA-5DC32AAE985B}.Debug|x86.ActiveCfg = Debug|Any CPU
		{1313662E-06DC-4C1A-93DA-5DC32AAE985B}.Debug|x86.Build.0 = Debug|Any CPU
		{1313662E-06DC-4C1A-93DA-5DC32AAE985B}.portugalholidayrentals.com|Any CPU.ActiveCfg = Release|Any CPU
		{1313662E-06DC-4C1A-93DA-5DC32AAE985B}.portugalholidayrentals.com|Any CPU.Build.0 = Release|Any CPU
		{1313662E-06DC-4C1A-93DA-5DC32AAE985B}.portugalholidayrentals.com|x64.ActiveCfg = Release|Any CPU
		{1313662E-06DC-4C1A-93DA-5DC32AAE985B}.portugalholidayrentals.com|x64.Build.0 = Release|Any CPU
		{1313662E-06DC-4C1A-93DA-5DC32AAE985B}.portugalholidayrentals.com|x86.ActiveCfg = Release|Any CPU
		{1313662E-06DC-4C1A-93DA-5DC32AAE985B}.portugalholidayrentals.com|x86.Build.0 = Release|Any CPU
		{1313662E-06DC-4C1A-93DA-5DC32AAE985B}.portugalrentalcottages.com|Any CPU.ActiveCfg = Release|Any CPU
		{1313662E-06DC-4C1A-93DA-5DC32AAE985B}.portugalrentalcottages.com|Any CPU.Build.0 = Release|Any CPU
		{1313662E-06DC-4C1A-93DA-5DC32AAE985B}.portugalrentalcottages.com|x64.ActiveCfg = Release|Any CPU
		{1313662E-06DC-4C1A-93DA-5DC32AAE985B}.portugalrentalcottages.com|x64.Build.0 = Release|Any CPU
		{1313662E-06DC-4C1A-93DA-5DC32AAE985B}.portugalrentalcottages.com|x86.ActiveCfg = Release|Any CPU
		{1313662E-06DC-4C1A-93DA-5DC32AAE985B}.portugalrentalcottages.com|x86.Build.0 = Release|Any CPU
		{1313662E-06DC-4C1A-93DA-5DC32AAE985B}.Release|Any CPU.ActiveCfg = Release|Any CPU
		{1313662E-06DC-4C1A-93DA-5DC32AAE985B}.Release|Any CPU.Build.0 = Release|Any CPU
		{1313662E-06DC-4C1A-93DA-5DC32AAE985B}.Release|x64.ActiveCfg = Release|Any CPU
		{1313662E-06DC-4C1A-93DA-5DC32AAE985B}.Release|x64.Build.0 = Release|Any CPU
		{1313662E-06DC-4C1A-93DA-5DC32AAE985B}.Release|x86.ActiveCfg = Release|Any CPU
		{1313662E-06DC-4C1A-93DA-5DC32AAE985B}.Release|x86.Build.0 = Release|Any CPU
		{7E26CDC4-414E-49B9-A6A6-296588CEF9B2}.Debug|Any CPU.ActiveCfg = Debug|Any CPU
		{7E26CDC4-414E-49B9-A6A6-296588CEF9B2}.Debug|Any CPU.Build.0 = Debug|Any CPU
		{7E26CDC4-414E-49B9-A6A6-296588CEF9B2}.Debug|x64.ActiveCfg = Debug|Any CPU
		{7E26CDC4-414E-49B9-A6A6-296588CEF9B2}.Debug|x64.Build.0 = Debug|Any CPU
		{7E26CDC4-414E-49B9-A6A6-296588CEF9B2}.Debug|x86.ActiveCfg = Debug|Any CPU
		{7E26CDC4-414E-49B9-A6A6-296588CEF9B2}.Debug|x86.Build.0 = Debug|Any CPU
		{7E26CDC4-414E-49B9-A6A6-296588CEF9B2}.portugalholidayrentals.com|Any CPU.ActiveCfg = Release|Any CPU
		{7E26CDC4-414E-49B9-A6A6-296588CEF9B2}.portugalholidayrentals.com|Any CPU.Build.0 = Release|Any CPU
		{7E26CDC4-414E-49B9-A6A6-296588CEF9B2}.portugalholidayrentals.com|x64.ActiveCfg = Release|Any CPU
		{7E26CDC4-414E-49B9-A6A6-296588CEF9B2}.portugalholidayrentals.com|x64.Build.0 = Release|Any CPU
		{7E26CDC4-414E-49B9-A6A6-296588CEF9B2}.portugalholidayrentals.com|x86.ActiveCfg = Release|Any CPU
		{7E26CDC4-414E-49B9-A6A6-296588CEF9B2}.portugalholidayrentals.com|x86.Build.0 = Release|Any CPU
		{7E26CDC4-414E-49B9-A6A6-296588CEF9B2}.portugalrentalcottages.com|Any CPU.ActiveCfg = Release|Any CPU
		{7E26CDC4-414E-49B9-A6A6-296588CEF9B2}.portugalrentalcottages.com|Any CPU.Build.0 = Release|Any CPU
		{7E26CDC4-414E-49B9-A6A6-296588CEF9B2}.portugalrentalcottages.com|x64.ActiveCfg = Release|Any CPU
		{7E26CDC4-414E-49B9-A6A6-296588CEF9B2}.portugalrentalcottages.com|x64.Build.0 = Release|Any CPU
		{7E26CDC4-414E-49B9-A6A6-296588CEF9B2}.portugalrentalcottages.com|x86.ActiveCfg = Release|Any CPU
		{7E26CDC4-414E-49B9-A6A6-296588CEF9B2}.portugalrentalcottages.com|x86.Build.0 = Release|Any CPU
		{7E26CDC4-414E-49B9-A6A6-296588CEF9B2}.Release|Any CPU.ActiveCfg = Release|Any CPU
		{7E26CDC4-414E-49B9-A6A6-296588CEF9B2}.Release|Any CPU.Build.0 = Release|Any CPU
		{7E26CDC4-414E-49B9-A6A6-296588CEF9B2}.Release|x64.ActiveCfg = Release|Any CPU
		{7E26CDC4-414E-49B9-A6A6-296588CEF9B2}.Release|x64.Build.0 = Release|Any CPU
		{7E26CDC4-414E-49B9-A6A6-296588CEF9B2}.Release|x86.ActiveCfg = Release|Any CPU
		{7E26CDC4-414E-49B9-A6A6-296588CEF9B2}.Release|x86.Build.0 = Release|Any CPU
		{B831A2B1-3392-4BAB-9676-CE2344C30786}.Debug|Any CPU.ActiveCfg = Debug|Any CPU
		{B831A2B1-3392-4BAB-9676-CE2344C30786}.Debug|Any CPU.Build.0 = Debug|Any CPU
		{B831A2B1-3392-4BAB-9676-CE2344C30786}.Debug|x64.ActiveCfg = Debug|Any CPU
		{B831A2B1-3392-4BAB-9676-CE2344C30786}.Debug|x64.Build.0 = Debug|Any CPU
		{B831A2B1-3392-4BAB-9676-CE2344C30786}.Debug|x86.ActiveCfg = Debug|Any CPU
		{B831A2B1-3392-4BAB-9676-CE2344C30786}.Debug|x86.Build.0 = Debug|Any CPU
		{B831A2B1-3392-4BAB-9676-CE2344C30786}.portugalholidayrentals.com|Any CPU.ActiveCfg = Release|Any CPU
		{B831A2B1-3392-4BAB-9676-CE2344C30786}.portugalholidayrentals.com|Any CPU.Build.0 = Release|Any CPU
		{B831A2B1-3392-4BAB-9676-CE2344C30786}.portugalholidayrentals.com|x64.ActiveCfg = Release|Any CPU
		{B831A2B1-3392-4BAB-9676-CE2344C30786}.portugalholidayrentals.com|x64.Build.0 = Release|Any CPU
		{B831A2B1-3392-4BAB-9676-CE2344C30786}.portugalholidayrentals.com|x86.ActiveCfg = Release|Any CPU
		{B831A2B1-3392-4BAB-9676-CE2344C30786}.portugalholidayrentals.com|x86.Build.0 = Release|Any CPU
		{B831A2B1-3392-4BAB-9676-CE2344C30786}.portugalrentalcottages.com|Any CPU.ActiveCfg = Release|Any CPU
		{B831A2B1-3392-4BAB-9676-CE2344C30786}.portugalrentalcottages.com|Any CPU.Build.0 = Release|Any CPU
		{B831A2B1-3392-4BAB-9676-CE2344C30786}.portugalrentalcottages.com|x64.ActiveCfg = Release|Any CPU
		{B831A2B1-3392-4BAB-9676-CE2344C30786}.portugalrentalcottages.com|x64.Build.0 = Release|Any CPU
		{B831A2B1-3392-4BAB-9676-CE2344C30786}.portugalrentalcottages.com|x86.ActiveCfg = Release|Any CPU
		{B831A2B1-3392-4BAB-9676-CE2344C30786}.portugalrentalcottages.com|x86.Build.0 = Release|Any CPU
		{B831A2B1-3392-4BAB-9676-CE2344C30786}.Release|Any CPU.ActiveCfg = Release|Any CPU
		{B831A2B1-3392-4BAB-9676-CE2344C30786}.Release|Any CPU.Build.0 = Release|Any CPU
		{B831A2B1-3392-4BAB-9676-CE2344C30786}.Release|x64.ActiveCfg = Release|Any CPU
		{B831A2B1-3392-4BAB-9676-CE2344C30786}.Release|x64.Build.0 = Release|Any CPU
		{B831A2B1-3392-4BAB-9676-CE2344C30786}.Release|x86.ActiveCfg = Release|Any CPU
		{B831A2B1-3392-4BAB-9676-CE2344C30786}.Release|x86.Build.0 = Release|Any CPU
		{CEB0ACE1-202F-485E-A125-C09AA9589C2F}.Debug|Any CPU.ActiveCfg = Debug|Any CPU
		{CEB0ACE1-202F-485E-A125-C09AA9589C2F}.Debug|Any CPU.Build.0 = Debug|Any CPU
		{CEB0ACE1-202F-485E-A125-C09AA9589C2F}.Debug|x64.ActiveCfg = Debug|Any CPU
		{CEB0ACE1-202F-485E-A125-C09AA9589C2F}.Debug|x64.Build.0 = Debug|Any CPU
		{CEB0ACE1-202F-485E-A125-C09AA9589C2F}.Debug|x86.ActiveCfg = Debug|Any CPU
		{CEB0ACE1-202F-485E-A125-C09AA9589C2F}.Debug|x86.Build.0 = Debug|Any CPU
		{CEB0ACE1-202F-485E-A125-C09AA9589C2F}.portugalholidayrentals.com|Any CPU.ActiveCfg = Release|Any CPU
		{CEB0ACE1-202F-485E-A125-C09AA9589C2F}.portugalholidayrentals.com|Any CPU.Build.0 = Release|Any CPU
		{CEB0ACE1-202F-485E-A125-C09AA9589C2F}.portugalholidayrentals.com|x64.ActiveCfg = Release|Any CPU
		{CEB0ACE1-202F-485E-A125-C09AA9589C2F}.portugalholidayrentals.com|x64.Build.0 = Release|Any CPU
		{CEB0ACE1-202F-485E-A125-C09AA9589C2F}.portugalholidayrentals.com|x86.ActiveCfg = Release|Any CPU
		{CEB0ACE1-202F-485E-A125-C09AA9589C2F}.portugalholidayrentals.com|x86.Build.0 = Release|Any CPU
		{CEB0ACE1-202F-485E-A125-C09AA9589C2F}.portugalrentalcottages.com|Any CPU.ActiveCfg = Release|Any CPU
		{CEB0ACE1-202F-485E-A125-C09AA9589C2F}.portugalrentalcottages.com|Any CPU.Build.0 = Release|Any CPU
		{CEB0ACE1-202F-485E-A125-C09AA9589C2F}.portugalrentalcottages.com|x64.ActiveCfg = Release|Any CPU
		{CEB0ACE1-202F-485E-A125-C09AA9589C2F}.portugalrentalcottages.com|x64.Build.0 = Release|Any CPU
		{CEB0ACE1-202F-485E-A125-C09AA9589C2F}.portugalrentalcottages.com|x86.ActiveCfg = Release|Any CPU
		{CEB0ACE1-202F-485E-A125-C09AA9589C2F}.portugalrentalcottages.com|x86.Build.0 = Release|Any CPU
		{CEB0ACE1-202F-485E-A125-C09AA9589C2F}.Release|Any CPU.ActiveCfg = Release|Any CPU
		{CEB0ACE1-202F-485E-A125-C09AA9589C2F}.Release|Any CPU.Build.0 = Release|Any CPU
		{CEB0ACE1-202F-485E-A125-C09AA9589C2F}.Release|x64.ActiveCfg = Release|Any CPU
		{CEB0ACE1-202F-485E-A125-C09AA9589C2F}.Release|x64.Build.0 = Release|Any CPU
		{CEB0ACE1-202F-485E-A125-C09AA9589C2F}.Release|x86.ActiveCfg = Release|Any CPU
		{CEB0ACE1-202F-485E-A125-C09AA9589C2F}.Release|x86.Build.0 = Release|Any CPU
		{94041408-A48A-4304-B6EE-12248D5E10A4}.Debug|Any CPU.ActiveCfg = Debug|Any CPU
		{94041408-A48A-4304-B6EE-12248D5E10A4}.Debug|Any CPU.Build.0 = Debug|Any CPU
		{94041408-A48A-4304-B6EE-12248D5E10A4}.Debug|x64.ActiveCfg = Debug|Any CPU
		{94041408-A48A-4304-B6EE-12248D5E10A4}.Debug|x64.Build.0 = Debug|Any CPU
		{94041408-A48A-4304-B6EE-12248D5E10A4}.Debug|x86.ActiveCfg = Debug|Any CPU
		{94041408-A48A-4304-B6EE-12248D5E10A4}.Debug|x86.Build.0 = Debug|Any CPU
		{94041408-A48A-4304-B6EE-12248D5E10A4}.portugalholidayrentals.com|Any CPU.ActiveCfg = Release|Any CPU
		{94041408-A48A-4304-B6EE-12248D5E10A4}.portugalholidayrentals.com|Any CPU.Build.0 = Release|Any CPU
		{94041408-A48A-4304-B6EE-12248D5E10A4}.portugalholidayrentals.com|x64.ActiveCfg = Release|Any CPU
		{94041408-A48A-4304-B6EE-12248D5E10A4}.portugalholidayrentals.com|x64.Build.0 = Release|Any CPU
		{94041408-A48A-4304-B6EE-12248D5E10A4}.portugalholidayrentals.com|x86.ActiveCfg = Release|Any CPU
		{94041408-A48A-4304-B6EE-12248D5E10A4}.portugalholidayrentals.com|x86.Build.0 = Release|Any CPU
		{94041408-A48A-4304-B6EE-12248D5E10A4}.portugalrentalcottages.com|Any CPU.ActiveCfg = Release|Any CPU
		{94041408-A48A-4304-B6EE-12248D5E10A4}.portugalrentalcottages.com|Any CPU.Build.0 = Release|Any CPU
		{94041408-A48A-4304-B6EE-12248D5E10A4}.portugalrentalcottages.com|x64.ActiveCfg = Release|Any CPU
		{94041408-A48A-4304-B6EE-12248D5E10A4}.portugalrentalcottages.com|x64.Build.0 = Release|Any CPU
		{94041408-A48A-4304-B6EE-12248D5E10A4}.portugalrentalcottages.com|x86.ActiveCfg = Release|Any CPU
		{94041408-A48A-4304-B6EE-12248D5E10A4}.portugalrentalcottages.com|x86.Build.0 = Release|Any CPU
		{94041408-A48A-4304-B6EE-12248D5E10A4}.Release|Any CPU.ActiveCfg = Release|Any CPU
		{94041408-A48A-4304-B6EE-12248D5E10A4}.Release|Any CPU.Build.0 = Release|Any CPU
		{94041408-A48A-4304-B6EE-12248D5E10A4}.Release|x64.ActiveCfg = Release|Any CPU
		{94041408-A48A-4304-B6EE-12248D5E10A4}.Release|x64.Build.0 = Release|Any CPU
		{94041408-A48A-4304-B6EE-12248D5E10A4}.Release|x86.ActiveCfg = Release|Any CPU
		{94041408-A48A-4304-B6EE-12248D5E10A4}.Release|x86.Build.0 = Release|Any CPU
		{7438B4CA-8E49-45E0-838C-03BEBB5EB854}.Debug|Any CPU.ActiveCfg = Debug|Any CPU
		{7438B4CA-8E49-45E0-838C-03BEBB5EB854}.Debug|Any CPU.Build.0 = Debug|Any CPU
		{7438B4CA-8E49-45E0-838C-03BEBB5EB854}.Debug|x64.ActiveCfg = Debug|Any CPU
		{7438B4CA-8E49-45E0-838C-03BEBB5EB854}.Debug|x64.Build.0 = Debug|Any CPU
		{7438B4CA-8E49-45E0-838C-03BEBB5EB854}.Debug|x86.ActiveCfg = Debug|Any CPU
		{7438B4CA-8E49-45E0-838C-03BEBB5EB854}.Debug|x86.Build.0 = Debug|Any CPU
		{7438B4CA-8E49-45E0-838C-03BEBB5EB854}.portugalholidayrentals.com|Any CPU.ActiveCfg = Release|Any CPU
		{7438B4CA-8E49-45E0-838C-03BEBB5EB854}.portugalholidayrentals.com|Any CPU.Build.0 = Release|Any CPU
		{7438B4CA-8E49-45E0-838C-03BEBB5EB854}.portugalholidayrentals.com|x64.ActiveCfg = Release|Any CPU
		{7438B4CA-8E49-45E0-838C-03BEBB5EB854}.portugalholidayrentals.com|x64.Build.0 = Release|Any CPU
		{7438B4CA-8E49-45E0-838C-03BEBB5EB854}.portugalholidayrentals.com|x86.ActiveCfg = Release|Any CPU
		{7438B4CA-8E49-45E0-838C-03BEBB5EB854}.portugalholidayrentals.com|x86.Build.0 = Release|Any CPU
		{7438B4CA-8E49-45E0-838C-03BEBB5EB854}.portugalrentalcottages.com|Any CPU.ActiveCfg = Release|Any CPU
		{7438B4CA-8E49-45E0-838C-03BEBB5EB854}.portugalrentalcottages.com|Any CPU.Build.0 = Release|Any CPU
		{7438B4CA-8E49-45E0-838C-03BEBB5EB854}.portugalrentalcottages.com|x64.ActiveCfg = Release|Any CPU
		{7438B4CA-8E49-45E0-838C-03BEBB5EB854}.portugalrentalcottages.com|x64.Build.0 = Release|Any CPU
		{7438B4CA-8E49-45E0-838C-03BEBB5EB854}.portugalrentalcottages.com|x86.ActiveCfg = Release|Any CPU
		{7438B4CA-8E49-45E0-838C-03BEBB5EB854}.portugalrentalcottages.com|x86.Build.0 = Release|Any CPU
		{7438B4CA-8E49-45E0-838C-03BEBB5EB854}.Release|Any CPU.ActiveCfg = Release|Any CPU
		{7438B4CA-8E49-45E0-838C-03BEBB5EB854}.Release|Any CPU.Build.0 = Release|Any CPU
		{7438B4CA-8E49-45E0-838C-03BEBB5EB854}.Release|x64.ActiveCfg = Release|Any CPU
		{7438B4CA-8E49-45E0-838C-03BEBB5EB854}.Release|x64.Build.0 = Release|Any CPU
		{7438B4CA-8E49-45E0-838C-03BEBB5EB854}.Release|x86.ActiveCfg = Release|Any CPU
		{7438B4CA-8E49-45E0-838C-03BEBB5EB854}.Release|x86.Build.0 = Release|Any CPU
		{AE5A4C06-745C-4DFC-BA5E-F58338F87E80}.Debug|Any CPU.ActiveCfg = Debug|Any CPU
		{AE5A4C06-745C-4DFC-BA5E-F58338F87E80}.Debug|Any CPU.Build.0 = Debug|Any CPU
		{AE5A4C06-745C-4DFC-BA5E-F58338F87E80}.Debug|x64.ActiveCfg = Debug|Any CPU
		{AE5A4C06-745C-4DFC-BA5E-F58338F87E80}.Debug|x64.Build.0 = Debug|Any CPU
		{AE5A4C06-745C-4DFC-BA5E-F58338F87E80}.Debug|x86.ActiveCfg = Debug|Any CPU
		{AE5A4C06-745C-4DFC-BA5E-F58338F87E80}.Debug|x86.Build.0 = Debug|Any CPU
		{AE5A4C06-745C-4DFC-BA5E-F58338F87E80}.portugalholidayrentals.com|Any CPU.ActiveCfg = Release|Any CPU
		{AE5A4C06-745C-4DFC-BA5E-F58338F87E80}.portugalholidayrentals.com|Any CPU.Build.0 = Release|Any CPU
		{AE5A4C06-745C-4DFC-BA5E-F58338F87E80}.portugalholidayrentals.com|x64.ActiveCfg = Release|Any CPU
		{AE5A4C06-745C-4DFC-BA5E-F58338F87E80}.portugalholidayrentals.com|x64.Build.0 = Release|Any CPU
		{AE5A4C06-745C-4DFC-BA5E-F58338F87E80}.portugalholidayrentals.com|x86.ActiveCfg = Release|Any CPU
		{AE5A4C06-745C-4DFC-BA5E-F58338F87E80}.portugalholidayrentals.com|x86.Build.0 = Release|Any CPU
		{AE5A4C06-745C-4DFC-BA5E-F58338F87E80}.portugalrentalcottages.com|Any CPU.ActiveCfg = Release|Any CPU
		{AE5A4C06-745C-4DFC-BA5E-F58338F87E80}.portugalrentalcottages.com|Any CPU.Build.0 = Release|Any CPU
		{AE5A4C06-745C-4DFC-BA5E-F58338F87E80}.portugalrentalcottages.com|x64.ActiveCfg = Release|Any CPU
		{AE5A4C06-745C-4DFC-BA5E-F58338F87E80}.portugalrentalcottages.com|x64.Build.0 = Release|Any CPU
		{AE5A4C06-745C-4DFC-BA5E-F58338F87E80}.portugalrentalcottages.com|x86.ActiveCfg = Release|Any CPU
		{AE5A4C06-745C-4DFC-BA5E-F58338F87E80}.portugalrentalcottages.com|x86.Build.0 = Release|Any CPU
		{AE5A4C06-745C-4DFC-BA5E-F58338F87E80}.Release|Any CPU.ActiveCfg = Release|Any CPU
		{AE5A4C06-745C-4DFC-BA5E-F58338F87E80}.Release|Any CPU.Build.0 = Release|Any CPU
		{AE5A4C06-745C-4DFC-BA5E-F58338F87E80}.Release|x64.ActiveCfg = Release|Any CPU
		{AE5A4C06-745C-4DFC-BA5E-F58338F87E80}.Release|x64.Build.0 = Release|Any CPU
		{AE5A4C06-745C-4DFC-BA5E-F58338F87E80}.Release|x86.ActiveCfg = Release|Any CPU
		{AE5A4C06-745C-4DFC-BA5E-F58338F87E80}.Release|x86.Build.0 = Release|Any CPU
		{EAE37742-E165-465D-86C3-EDDC906C2E6C}.Debug|Any CPU.ActiveCfg = Debug|Any CPU
		{EAE37742-E165-465D-86C3-EDDC906C2E6C}.Debug|Any CPU.Build.0 = Debug|Any CPU
		{EAE37742-E165-465D-86C3-EDDC906C2E6C}.Debug|x64.ActiveCfg = Debug|Any CPU
		{EAE37742-E165-465D-86C3-EDDC906C2E6C}.Debug|x64.Build.0 = Debug|Any CPU
		{EAE37742-E165-465D-86C3-EDDC906C2E6C}.Debug|x86.ActiveCfg = Debug|Any CPU
		{EAE37742-E165-465D-86C3-EDDC906C2E6C}.Debug|x86.Build.0 = Debug|Any CPU
		{EAE37742-E165-465D-86C3-EDDC906C2E6C}.portugalholidayrentals.com|Any CPU.ActiveCfg = Release|Any CPU
		{EAE37742-E165-465D-86C3-EDDC906C2E6C}.portugalholidayrentals.com|Any CPU.Build.0 = Release|Any CPU
		{EAE37742-E165-465D-86C3-EDDC906C2E6C}.portugalholidayrentals.com|x64.ActiveCfg = Release|Any CPU
		{EAE37742-E165-465D-86C3-EDDC906C2E6C}.portugalholidayrentals.com|x64.Build.0 = Release|Any CPU
		{EAE37742-E165-465D-86C3-EDDC906C2E6C}.portugalholidayrentals.com|x86.ActiveCfg = Release|Any CPU
		{EAE37742-E165-465D-86C3-EDDC906C2E6C}.portugalholidayrentals.com|x86.Build.0 = Release|Any CPU
		{EAE37742-E165-465D-86C3-EDDC906C2E6C}.portugalrentalcottages.com|Any CPU.ActiveCfg = Release|Any CPU
		{EAE37742-E165-465D-86C3-EDDC906C2E6C}.portugalrentalcottages.com|Any CPU.Build.0 = Release|Any CPU
		{EAE37742-E165-465D-86C3-EDDC906C2E6C}.portugalrentalcottages.com|x64.ActiveCfg = Release|Any CPU
		{EAE37742-E165-465D-86C3-EDDC906C2E6C}.portugalrentalcottages.com|x64.Build.0 = Release|Any CPU
		{EAE37742-E165-465D-86C3-EDDC906C2E6C}.portugalrentalcottages.com|x86.ActiveCfg = Release|Any CPU
		{EAE37742-E165-465D-86C3-EDDC906C2E6C}.portugalrentalcottages.com|x86.Build.0 = Release|Any CPU
		{EAE37742-E165-465D-86C3-EDDC906C2E6C}.Release|Any CPU.ActiveCfg = Release|Any CPU
		{EAE37742-E165-465D-86C3-EDDC906C2E6C}.Release|Any CPU.Build.0 = Release|Any CPU
		{EAE37742-E165-465D-86C3-EDDC906C2E6C}.Release|x64.ActiveCfg = Release|Any CPU
		{EAE37742-E165-465D-86C3-EDDC906C2E6C}.Release|x64.Build.0 = Release|Any CPU
		{EAE37742-E165-465D-86C3-EDDC906C2E6C}.Release|x86.ActiveCfg = Release|Any CPU
		{EAE37742-E165-465D-86C3-EDDC906C2E6C}.Release|x86.Build.0 = Release|Any CPU
		{D88A703A-5B6F-46FD-A7D2-1FEE25C3F69B}.Debug|Any CPU.ActiveCfg = Debug|Any CPU
		{D88A703A-5B6F-46FD-A7D2-1FEE25C3F69B}.Debug|Any CPU.Build.0 = Debug|Any CPU
		{D88A703A-5B6F-46FD-A7D2-1FEE25C3F69B}.Debug|x64.ActiveCfg = Debug|Any CPU
		{D88A703A-5B6F-46FD-A7D2-1FEE25C3F69B}.Debug|x64.Build.0 = Debug|Any CPU
		{D88A703A-5B6F-46FD-A7D2-1FEE25C3F69B}.Debug|x86.ActiveCfg = Debug|Any CPU
		{D88A703A-5B6F-46FD-A7D2-1FEE25C3F69B}.Debug|x86.Build.0 = Debug|Any CPU
		{D88A703A-5B6F-46FD-A7D2-1FEE25C3F69B}.portugalholidayrentals.com|Any CPU.ActiveCfg = Release|Any CPU
		{D88A703A-5B6F-46FD-A7D2-1FEE25C3F69B}.portugalholidayrentals.com|Any CPU.Build.0 = Release|Any CPU
		{D88A703A-5B6F-46FD-A7D2-1FEE25C3F69B}.portugalholidayrentals.com|x64.ActiveCfg = Release|Any CPU
		{D88A703A-5B6F-46FD-A7D2-1FEE25C3F69B}.portugalholidayrentals.com|x64.Build.0 = Release|Any CPU
		{D88A703A-5B6F-46FD-A7D2-1FEE25C3F69B}.portugalholidayrentals.com|x86.ActiveCfg = Release|Any CPU
		{D88A703A-5B6F-46FD-A7D2-1FEE25C3F69B}.portugalholidayrentals.com|x86.Build.0 = Release|Any CPU
		{D88A703A-5B6F-46FD-A7D2-1FEE25C3F69B}.portugalrentalcottages.com|Any CPU.ActiveCfg = Release|Any CPU
		{D88A703A-5B6F-46FD-A7D2-1FEE25C3F69B}.portugalrentalcottages.com|Any CPU.Build.0 = Release|Any CPU
		{D88A703A-5B6F-46FD-A7D2-1FEE25C3F69B}.portugalrentalcottages.com|x64.ActiveCfg = Release|Any CPU
		{D88A703A-5B6F-46FD-A7D2-1FEE25C3F69B}.portugalrentalcottages.com|x64.Build.0 = Release|Any CPU
		{D88A703A-5B6F-46FD-A7D2-1FEE25C3F69B}.portugalrentalcottages.com|x86.ActiveCfg = Release|Any CPU
		{D88A703A-5B6F-46FD-A7D2-1FEE25C3F69B}.portugalrentalcottages.com|x86.Build.0 = Release|Any CPU
		{D88A703A-5B6F-46FD-A7D2-1FEE25C3F69B}.Release|Any CPU.ActiveCfg = Release|Any CPU
		{D88A703A-5B6F-46FD-A7D2-1FEE25C3F69B}.Release|Any CPU.Build.0 = Release|Any CPU
		{D88A703A-5B6F-46FD-A7D2-1FEE25C3F69B}.Release|x64.ActiveCfg = Release|Any CPU
		{D88A703A-5B6F-46FD-A7D2-1FEE25C3F69B}.Release|x64.Build.0 = Release|Any CPU
		{D88A703A-5B6F-46FD-A7D2-1FEE25C3F69B}.Release|x86.ActiveCfg = Release|Any CPU
		{D88A703A-5B6F-46FD-A7D2-1FEE25C3F69B}.Release|x86.Build.0 = Release|Any CPU
		{CFF0CF9D-B725-43DB-B019-2CC7433BCA47}.Debug|Any CPU.ActiveCfg = Debug|Any CPU
		{CFF0CF9D-B725-43DB-B019-2CC7433BCA47}.Debug|Any CPU.Build.0 = Debug|Any CPU
		{CFF0CF9D-B725-43DB-B019-2CC7433BCA47}.Debug|x64.ActiveCfg = Debug|Any CPU
		{CFF0CF9D-B725-43DB-B019-2CC7433BCA47}.Debug|x64.Build.0 = Debug|Any CPU
		{CFF0CF9D-B725-43DB-B019-2CC7433BCA47}.Debug|x86.ActiveCfg = Debug|Any CPU
		{CFF0CF9D-B725-43DB-B019-2CC7433BCA47}.Debug|x86.Build.0 = Debug|Any CPU
		{CFF0CF9D-B725-43DB-B019-2CC7433BCA47}.portugalholidayrentals.com|Any CPU.ActiveCfg = Release|Any CPU
		{CFF0CF9D-B725-43DB-B019-2CC7433BCA47}.portugalholidayrentals.com|Any CPU.Build.0 = Release|Any CPU
		{CFF0CF9D-B725-43DB-B019-2CC7433BCA47}.portugalholidayrentals.com|x64.ActiveCfg = Release|Any CPU
		{CFF0CF9D-B725-43DB-B019-2CC7433BCA47}.portugalholidayrentals.com|x64.Build.0 = Release|Any CPU
		{CFF0CF9D-B725-43DB-B019-2CC7433BCA47}.portugalholidayrentals.com|x86.ActiveCfg = Release|Any CPU
		{CFF0CF9D-B725-43DB-B019-2CC7433BCA47}.portugalholidayrentals.com|x86.Build.0 = Release|Any CPU
		{CFF0CF9D-B725-43DB-B019-2CC7433BCA47}.portugalrentalcottages.com|Any CPU.ActiveCfg = Release|Any CPU
		{CFF0CF9D-B725-43DB-B019-2CC7433BCA47}.portugalrentalcottages.com|Any CPU.Build.0 = Release|Any CPU
		{CFF0CF9D-B725-43DB-B019-2CC7433BCA47}.portugalrentalcottages.com|x64.ActiveCfg = Release|Any CPU
		{CFF0CF9D-B725-43DB-B019-2CC7433BCA47}.portugalrentalcottages.com|x64.Build.0 = Release|Any CPU
		{CFF0CF9D-B725-43DB-B019-2CC7433BCA47}.portugalrentalcottages.com|x86.ActiveCfg = Release|Any CPU
		{CFF0CF9D-B725-43DB-B019-2CC7433BCA47}.portugalrentalcottages.com|x86.Build.0 = Release|Any CPU
		{CFF0CF9D-B725-43DB-B019-2CC7433BCA47}.Release|Any CPU.ActiveCfg = Release|Any CPU
		{CFF0CF9D-B725-43DB-B019-2CC7433BCA47}.Release|Any CPU.Build.0 = Release|Any CPU
		{CFF0CF9D-B725-43DB-B019-2CC7433BCA47}.Release|x64.ActiveCfg = Release|Any CPU
		{CFF0CF9D-B725-43DB-B019-2CC7433BCA47}.Release|x64.Build.0 = Release|Any CPU
		{CFF0CF9D-B725-43DB-B019-2CC7433BCA47}.Release|x86.ActiveCfg = Release|Any CPU
		{CFF0CF9D-B725-43DB-B019-2CC7433BCA47}.Release|x86.Build.0 = Release|Any CPU
		{19AF0824-3F85-4494-B339-DB1BE1C970C4}.Debug|Any CPU.ActiveCfg = Debug|Any CPU
		{19AF0824-3F85-4494-B339-DB1BE1C970C4}.Debug|Any CPU.Build.0 = Debug|Any CPU
		{19AF0824-3F85-4494-B339-DB1BE1C970C4}.Debug|x64.ActiveCfg = Debug|Any CPU
		{19AF0824-3F85-4494-B339-DB1BE1C970C4}.Debug|x64.Build.0 = Debug|Any CPU
		{19AF0824-3F85-4494-B339-DB1BE1C970C4}.Debug|x86.ActiveCfg = Debug|Any CPU
		{19AF0824-3F85-4494-B339-DB1BE1C970C4}.Debug|x86.Build.0 = Debug|Any CPU
		{19AF0824-3F85-4494-B339-DB1BE1C970C4}.portugalholidayrentals.com|Any CPU.ActiveCfg = Release|Any CPU
		{19AF0824-3F85-4494-B339-DB1BE1C970C4}.portugalholidayrentals.com|Any CPU.Build.0 = Release|Any CPU
		{19AF0824-3F85-4494-B339-DB1BE1C970C4}.portugalholidayrentals.com|x64.ActiveCfg = Release|Any CPU
		{19AF0824-3F85-4494-B339-DB1BE1C970C4}.portugalholidayrentals.com|x64.Build.0 = Release|Any CPU
		{19AF0824-3F85-4494-B339-DB1BE1C970C4}.portugalholidayrentals.com|x86.ActiveCfg = Release|Any CPU
		{19AF0824-3F85-4494-B339-DB1BE1C970C4}.portugalholidayrentals.com|x86.Build.0 = Release|Any CPU
		{19AF0824-3F85-4494-B339-DB1BE1C970C4}.portugalrentalcottages.com|Any CPU.ActiveCfg = Release|Any CPU
		{19AF0824-3F85-4494-B339-DB1BE1C970C4}.portugalrentalcottages.com|Any CPU.Build.0 = Release|Any CPU
		{19AF0824-3F85-4494-B339-DB1BE1C970C4}.portugalrentalcottages.com|x64.ActiveCfg = Release|Any CPU
		{19AF0824-3F85-4494-B339-DB1BE1C970C4}.portugalrentalcottages.com|x64.Build.0 = Release|Any CPU
		{19AF0824-3F85-4494-B339-DB1BE1C970C4}.portugalrentalcottages.com|x86.ActiveCfg = Release|Any CPU
		{19AF0824-3F85-4494-B339-DB1BE1C970C4}.portugalrentalcottages.com|x86.Build.0 = Release|Any CPU
		{19AF0824-3F85-4494-B339-DB1BE1C970C4}.Release|Any CPU.ActiveCfg = Release|Any CPU
		{19AF0824-3F85-4494-B339-DB1BE1C970C4}.Release|Any CPU.Build.0 = Release|Any CPU
		{19AF0824-3F85-4494-B339-DB1BE1C970C4}.Release|x64.ActiveCfg = Release|Any CPU
		{19AF0824-3F85-4494-B339-DB1BE1C970C4}.Release|x64.Build.0 = Release|Any CPU
		{19AF0824-3F85-4494-B339-DB1BE1C970C4}.Release|x86.ActiveCfg = Release|Any CPU
		{19AF0824-3F85-4494-B339-DB1BE1C970C4}.Release|x86.Build.0 = Release|Any CPU
		{E0CFD8C3-B5A0-4753-A744-5EE0E025D321}.Debug|Any CPU.ActiveCfg = Debug|Any CPU
		{E0CFD8C3-B5A0-4753-A744-5EE0E025D321}.Debug|Any CPU.Build.0 = Debug|Any CPU
		{E0CFD8C3-B5A0-4753-A744-5EE0E025D321}.Debug|x64.ActiveCfg = Debug|Any CPU
		{E0CFD8C3-B5A0-4753-A744-5EE0E025D321}.Debug|x64.Build.0 = Debug|Any CPU
		{E0CFD8C3-B5A0-4753-A744-5EE0E025D321}.Debug|x86.ActiveCfg = Debug|Any CPU
		{E0CFD8C3-B5A0-4753-A744-5EE0E025D321}.Debug|x86.Build.0 = Debug|Any CPU
		{E0CFD8C3-B5A0-4753-A744-5EE0E025D321}.portugalholidayrentals.com|Any CPU.ActiveCfg = Release|Any CPU
		{E0CFD8C3-B5A0-4753-A744-5EE0E025D321}.portugalholidayrentals.com|Any CPU.Build.0 = Release|Any CPU
		{E0CFD8C3-B5A0-4753-A744-5EE0E025D321}.portugalholidayrentals.com|x64.ActiveCfg = Release|Any CPU
		{E0CFD8C3-B5A0-4753-A744-5EE0E025D321}.portugalholidayrentals.com|x64.Build.0 = Release|Any CPU
		{E0CFD8C3-B5A0-4753-A744-5EE0E025D321}.portugalholidayrentals.com|x86.ActiveCfg = Release|Any CPU
		{E0CFD8C3-B5A0-4753-A744-5EE0E025D321}.portugalholidayrentals.com|x86.Build.0 = Release|Any CPU
		{E0CFD8C3-B5A0-4753-A744-5EE0E025D321}.portugalrentalcottages.com|Any CPU.ActiveCfg = Release|Any CPU
		{E0CFD8C3-B5A0-4753-A744-5EE0E025D321}.portugalrentalcottages.com|Any CPU.Build.0 = Release|Any CPU
		{E0CFD8C3-B5A0-4753-A744-5EE0E025D321}.portugalrentalcottages.com|x64.ActiveCfg = Release|Any CPU
		{E0CFD8C3-B5A0-4753-A744-5EE0E025D321}.portugalrentalcottages.com|x64.Build.0 = Release|Any CPU
		{E0CFD8C3-B5A0-4753-A744-5EE0E025D321}.portugalrentalcottages.com|x86.ActiveCfg = Release|Any CPU
		{E0CFD8C3-B5A0-4753-A744-5EE0E025D321}.portugalrentalcottages.com|x86.Build.0 = Release|Any CPU
		{E0CFD8C3-B5A0-4753-A744-5EE0E025D321}.Release|Any CPU.ActiveCfg = Release|Any CPU
		{E0CFD8C3-B5A0-4753-A744-5EE0E025D321}.Release|Any CPU.Build.0 = Release|Any CPU
		{E0CFD8C3-B5A0-4753-A744-5EE0E025D321}.Release|x64.ActiveCfg = Release|Any CPU
		{E0CFD8C3-B5A0-4753-A744-5EE0E025D321}.Release|x64.Build.0 = Release|Any CPU
		{E0CFD8C3-B5A0-4753-A744-5EE0E025D321}.Release|x86.ActiveCfg = Release|Any CPU
		{E0CFD8C3-B5A0-4753-A744-5EE0E025D321}.Release|x86.Build.0 = Release|Any CPU
	EndGlobalSection
	GlobalSection(SolutionProperties) = preSolution
		HideSolutionNode = FALSE
	EndGlobalSection
	GlobalSection(ExtensibilityGlobals) = postSolution
		SolutionGuid = {1AD1AA70-214E-4C10-B3BA-48E5D43A211D}
	EndGlobalSection
EndGlobal
