
Microsoft Visual Studio Solution File, Format Version 12.00
# Visual Studio Version 18
VisualStudioVersion = 18.3.11512.155
MinimumVisualStudioVersion = 10.0.40219.1
Project("{9A19103F-16F7-4668-BE54-9A1E7A4F7556}") = "square.pipeline.fourth.com", "square.pipeline.fourth.com\square.pipeline.fourth.com.csproj", "{8BB9960E-4DED-4235-9083-8E4938C3E76B}"
EndProject
Project("{9A19103F-16F7-4668-BE54-9A1E7A4F7556}") = "domain.pipeline.fourth.com", "domain.pipeline.fourth.com\domain.pipeline.fourth.com.csproj", "{7CF9836F-5E7F-48E7-AF0D-1177525B3808}"
EndProject
Project("{9A19103F-16F7-4668-BE54-9A1E7A4F7556}") = "tests.square.pipeline.fourth.com", "tests.square.pipeline.fourth.com\tests.square.pipeline.fourth.com.csproj", "{550D306C-80BE-4D66-8C8F-0DBC247DCDD2}"
EndProject
Project("{2150E333-8FDC-42A3-9474-1A3956D46DE8}") = "Square", "Square", "{7841DA74-FC51-411E-8ACE-DE2100DB478B}"
EndProject
Project("{9A19103F-16F7-4668-BE54-9A1E7A4F7556}") = "data.pipeline.fourth.com", "data.pipeline.fourth.com\data.pipeline.fourth.com.csproj", "{D906D104-2E29-4FA6-A2AF-8DBA8B6ED827}"
EndProject
Project("{9A19103F-16F7-4668-BE54-9A1E7A4F7556}") = "com.fourth.pipeline.pos", "com.fourth.pipeline.pos\com.fourth.pipeline.pos.csproj", "{C90330E1-6460-4250-B658-C4337142E310}"
EndProject
Project("{2150E333-8FDC-42A3-9474-1A3956D46DE8}") = "Fourth", "Fourth", "{029E5C77-5CDE-4235-A610-64C511A6E1C8}"
EndProject
Project("{9A19103F-16F7-4668-BE54-9A1E7A4F7556}") = "shared.pipeline.fouth.com", "shared.pipeline.fouth.com\shared.pipeline.fouth.com.csproj", "{7B88E969-5D15-44D7-8E5B-F7800F454B82}"
EndProject
Project("{2150E333-8FDC-42A3-9474-1A3956D46DE8}") = "Shared", "Shared", "{9FECDA77-367A-4032-8D2C-9477342DAC8E}"
EndProject
Project("{9A19103F-16F7-4668-BE54-9A1E7A4F7556}") = "tests.pos.pipeline.fourth.com", "tests.pos.pipeline.fourth.com\tests.pos.pipeline.fourth.com.csproj", "{4F2D0EF1-1F0B-4CB6-89B0-7C40D7BCD760}"
EndProject
Project("{2150E333-8FDC-42A3-9474-1A3956D46DE8}") = "DomainAndModel", "DomainAndModel", "{86C23F7C-B44D-4BD9-B82B-4977691168AD}"
EndProject
Project("{2150E333-8FDC-42A3-9474-1A3956D46DE8}") = "ServicesAndPlatforms", "ServicesAndPlatforms", "{D1BAD46E-D3B9-403B-9732-816C53681EE5}"
EndProject
Project("{9A19103F-16F7-4668-BE54-9A1E7A4F7556}") = "tests.domain.pipelines.fourth.com", "tests.domain.pipelines.fourth.com\tests.domain.pipelines.fourth.com.csproj", "{0079C711-0A32-4B6A-B49E-B9274BB72F49}"
EndProject
Project("{2150E333-8FDC-42A3-9474-1A3956D46DE8}") = "Web", "Web", "{B74C73A6-6C18-4C77-9DB2-FF4D7291578C}"
EndProject
Project("{2150E333-8FDC-42A3-9474-1A3956D46DE8}") = "WindowsService", "WindowsService", "{F06E10B2-37C1-41A2-B68D-A563155D6E68}"
EndProject
Project("{9A19103F-16F7-4668-BE54-9A1E7A4F7556}") = "web.pipeline.fourth.com", "web.pipeline.fourth.com\web.pipeline.fourth.com.csproj", "{104EC4D5-4116-4FA7-A5D3-301D51307107}"
EndProject
Project("{2150E333-8FDC-42A3-9474-1A3956D46DE8}") = "SquareToFourth", "SquareToFourth", "{CF918508-2571-439D-8E3F-9DC19C7F20B4}"
EndProject
Project("{9A19103F-16F7-4668-BE54-9A1E7A4F7556}") = "com.fourth.pipeline.credentials", "com.fourth.pipeline.credentials\com.fourth.pipeline.credentials.csproj", "{286E2F99-F1F4-48C7-8947-A6FC95168985}"
EndProject
Project("{9A19103F-16F7-4668-BE54-9A1E7A4F7556}") = "squareservice.pipeline.fourth.com", "squareservice.pipeline.fourth.com\squareservice.pipeline.fourth.com.csproj", "{E0C18017-E83B-4451-B276-9A4D1B9C82D7}"
EndProject
Project("{FAE04EC0-301F-11D3-BF4B-00C04F79EFBC}") = "service.pipeline.fourth.com", "service.pipeline.fourth.com\service.pipeline.fourth.com.csproj", "{C21FEC79-F76C-4AF8-A3E2-C49805DD181E}"
EndProject
Global
	GlobalSection(SolutionConfigurationPlatforms) = preSolution
		Debug|Any CPU = Debug|Any CPU
		Debug|x64 = Debug|x64
		Debug|x86 = Debug|x86
		Release|Any CPU = Release|Any CPU
		Release|x64 = Release|x64
		Release|x86 = Release|x86
	EndGlobalSection
	GlobalSection(ProjectConfigurationPlatforms) = postSolution
		{8BB9960E-4DED-4235-9083-8E4938C3E76B}.Debug|Any CPU.ActiveCfg = Debug|Any CPU
		{8BB9960E-4DED-4235-9083-8E4938C3E76B}.Debug|Any CPU.Build.0 = Debug|Any CPU
		{8BB9960E-4DED-4235-9083-8E4938C3E76B}.Debug|x64.ActiveCfg = Debug|Any CPU
		{8BB9960E-4DED-4235-9083-8E4938C3E76B}.Debug|x64.Build.0 = Debug|Any CPU
		{8BB9960E-4DED-4235-9083-8E4938C3E76B}.Debug|x86.ActiveCfg = Debug|Any CPU
		{8BB9960E-4DED-4235-9083-8E4938C3E76B}.Debug|x86.Build.0 = Debug|Any CPU
		{8BB9960E-4DED-4235-9083-8E4938C3E76B}.Release|Any CPU.ActiveCfg = Release|Any CPU
		{8BB9960E-4DED-4235-9083-8E4938C3E76B}.Release|Any CPU.Build.0 = Release|Any CPU
		{8BB9960E-4DED-4235-9083-8E4938C3E76B}.Release|x64.ActiveCfg = Release|Any CPU
		{8BB9960E-4DED-4235-9083-8E4938C3E76B}.Release|x64.Build.0 = Release|Any CPU
		{8BB9960E-4DED-4235-9083-8E4938C3E76B}.Release|x86.ActiveCfg = Release|Any CPU
		{8BB9960E-4DED-4235-9083-8E4938C3E76B}.Release|x86.Build.0 = Release|Any CPU
		{7CF9836F-5E7F-48E7-AF0D-1177525B3808}.Debug|Any CPU.ActiveCfg = Debug|Any CPU
		{7CF9836F-5E7F-48E7-AF0D-1177525B3808}.Debug|Any CPU.Build.0 = Debug|Any CPU
		{7CF9836F-5E7F-48E7-AF0D-1177525B3808}.Debug|x64.ActiveCfg = Debug|Any CPU
		{7CF9836F-5E7F-48E7-AF0D-1177525B3808}.Debug|x64.Build.0 = Debug|Any CPU
		{7CF9836F-5E7F-48E7-AF0D-1177525B3808}.Debug|x86.ActiveCfg = Debug|Any CPU
		{7CF9836F-5E7F-48E7-AF0D-1177525B3808}.Debug|x86.Build.0 = Debug|Any CPU
		{7CF9836F-5E7F-48E7-AF0D-1177525B3808}.Release|Any CPU.ActiveCfg = Release|Any CPU
		{7CF9836F-5E7F-48E7-AF0D-1177525B3808}.Release|Any CPU.Build.0 = Release|Any CPU
		{7CF9836F-5E7F-48E7-AF0D-1177525B3808}.Release|x64.ActiveCfg = Release|Any CPU
		{7CF9836F-5E7F-48E7-AF0D-1177525B3808}.Release|x64.Build.0 = Release|Any CPU
		{7CF9836F-5E7F-48E7-AF0D-1177525B3808}.Release|x86.ActiveCfg = Release|Any CPU
		{7CF9836F-5E7F-48E7-AF0D-1177525B3808}.Release|x86.Build.0 = Release|Any CPU
		{550D306C-80BE-4D66-8C8F-0DBC247DCDD2}.Debug|Any CPU.ActiveCfg = Debug|Any CPU
		{550D306C-80BE-4D66-8C8F-0DBC247DCDD2}.Debug|Any CPU.Build.0 = Debug|Any CPU
		{550D306C-80BE-4D66-8C8F-0DBC247DCDD2}.Debug|x64.ActiveCfg = Debug|Any CPU
		{550D306C-80BE-4D66-8C8F-0DBC247DCDD2}.Debug|x64.Build.0 = Debug|Any CPU
		{550D306C-80BE-4D66-8C8F-0DBC247DCDD2}.Debug|x86.ActiveCfg = Debug|Any CPU
		{550D306C-80BE-4D66-8C8F-0DBC247DCDD2}.Debug|x86.Build.0 = Debug|Any CPU
		{550D306C-80BE-4D66-8C8F-0DBC247DCDD2}.Release|Any CPU.ActiveCfg = Release|Any CPU
		{550D306C-80BE-4D66-8C8F-0DBC247DCDD2}.Release|Any CPU.Build.0 = Release|Any CPU
		{550D306C-80BE-4D66-8C8F-0DBC247DCDD2}.Release|x64.ActiveCfg = Release|Any CPU
		{550D306C-80BE-4D66-8C8F-0DBC247DCDD2}.Release|x64.Build.0 = Release|Any CPU
		{550D306C-80BE-4D66-8C8F-0DBC247DCDD2}.Release|x86.ActiveCfg = Release|Any CPU
		{550D306C-80BE-4D66-8C8F-0DBC247DCDD2}.Release|x86.Build.0 = Release|Any CPU
		{D906D104-2E29-4FA6-A2AF-8DBA8B6ED827}.Debug|Any CPU.ActiveCfg = Debug|Any CPU
		{D906D104-2E29-4FA6-A2AF-8DBA8B6ED827}.Debug|Any CPU.Build.0 = Debug|Any CPU
		{D906D104-2E29-4FA6-A2AF-8DBA8B6ED827}.Debug|x64.ActiveCfg = Debug|Any CPU
		{D906D104-2E29-4FA6-A2AF-8DBA8B6ED827}.Debug|x64.Build.0 = Debug|Any CPU
		{D906D104-2E29-4FA6-A2AF-8DBA8B6ED827}.Debug|x86.ActiveCfg = Debug|Any CPU
		{D906D104-2E29-4FA6-A2AF-8DBA8B6ED827}.Debug|x86.Build.0 = Debug|Any CPU
		{D906D104-2E29-4FA6-A2AF-8DBA8B6ED827}.Release|Any CPU.ActiveCfg = Release|Any CPU
		{D906D104-2E29-4FA6-A2AF-8DBA8B6ED827}.Release|Any CPU.Build.0 = Release|Any CPU
		{D906D104-2E29-4FA6-A2AF-8DBA8B6ED827}.Release|x64.ActiveCfg = Release|Any CPU
		{D906D104-2E29-4FA6-A2AF-8DBA8B6ED827}.Release|x64.Build.0 = Release|Any CPU
		{D906D104-2E29-4FA6-A2AF-8DBA8B6ED827}.Release|x86.ActiveCfg = Release|Any CPU
		{D906D104-2E29-4FA6-A2AF-8DBA8B6ED827}.Release|x86.Build.0 = Release|Any CPU
		{C90330E1-6460-4250-B658-C4337142E310}.Debug|Any CPU.ActiveCfg = Debug|Any CPU
		{C90330E1-6460-4250-B658-C4337142E310}.Debug|Any CPU.Build.0 = Debug|Any CPU
		{C90330E1-6460-4250-B658-C4337142E310}.Debug|x64.ActiveCfg = Debug|Any CPU
		{C90330E1-6460-4250-B658-C4337142E310}.Debug|x64.Build.0 = Debug|Any CPU
		{C90330E1-6460-4250-B658-C4337142E310}.Debug|x86.ActiveCfg = Debug|Any CPU
		{C90330E1-6460-4250-B658-C4337142E310}.Debug|x86.Build.0 = Debug|Any CPU
		{C90330E1-6460-4250-B658-C4337142E310}.Release|Any CPU.ActiveCfg = Release|Any CPU
		{C90330E1-6460-4250-B658-C4337142E310}.Release|Any CPU.Build.0 = Release|Any CPU
		{C90330E1-6460-4250-B658-C4337142E310}.Release|x64.ActiveCfg = Release|Any CPU
		{C90330E1-6460-4250-B658-C4337142E310}.Release|x64.Build.0 = Release|Any CPU
		{C90330E1-6460-4250-B658-C4337142E310}.Release|x86.ActiveCfg = Release|Any CPU
		{C90330E1-6460-4250-B658-C4337142E310}.Release|x86.Build.0 = Release|Any CPU
		{7B88E969-5D15-44D7-8E5B-F7800F454B82}.Debug|Any CPU.ActiveCfg = Debug|Any CPU
		{7B88E969-5D15-44D7-8E5B-F7800F454B82}.Debug|Any CPU.Build.0 = Debug|Any CPU
		{7B88E969-5D15-44D7-8E5B-F7800F454B82}.Debug|x64.ActiveCfg = Debug|Any CPU
		{7B88E969-5D15-44D7-8E5B-F7800F454B82}.Debug|x64.Build.0 = Debug|Any CPU
		{7B88E969-5D15-44D7-8E5B-F7800F454B82}.Debug|x86.ActiveCfg = Debug|Any CPU
		{7B88E969-5D15-44D7-8E5B-F7800F454B82}.Debug|x86.Build.0 = Debug|Any CPU
		{7B88E969-5D15-44D7-8E5B-F7800F454B82}.Release|Any CPU.ActiveCfg = Release|Any CPU
		{7B88E969-5D15-44D7-8E5B-F7800F454B82}.Release|Any CPU.Build.0 = Release|Any CPU
		{7B88E969-5D15-44D7-8E5B-F7800F454B82}.Release|x64.ActiveCfg = Release|Any CPU
		{7B88E969-5D15-44D7-8E5B-F7800F454B82}.Release|x64.Build.0 = Release|Any CPU
		{7B88E969-5D15-44D7-8E5B-F7800F454B82}.Release|x86.ActiveCfg = Release|Any CPU
		{7B88E969-5D15-44D7-8E5B-F7800F454B82}.Release|x86.Build.0 = Release|Any CPU
		{4F2D0EF1-1F0B-4CB6-89B0-7C40D7BCD760}.Debug|Any CPU.ActiveCfg = Debug|Any CPU
		{4F2D0EF1-1F0B-4CB6-89B0-7C40D7BCD760}.Debug|Any CPU.Build.0 = Debug|Any CPU
		{4F2D0EF1-1F0B-4CB6-89B0-7C40D7BCD760}.Debug|x64.ActiveCfg = Debug|Any CPU
		{4F2D0EF1-1F0B-4CB6-89B0-7C40D7BCD760}.Debug|x64.Build.0 = Debug|Any CPU
		{4F2D0EF1-1F0B-4CB6-89B0-7C40D7BCD760}.Debug|x86.ActiveCfg = Debug|Any CPU
		{4F2D0EF1-1F0B-4CB6-89B0-7C40D7BCD760}.Debug|x86.Build.0 = Debug|Any CPU
		{4F2D0EF1-1F0B-4CB6-89B0-7C40D7BCD760}.Release|Any CPU.ActiveCfg = Release|Any CPU
		{4F2D0EF1-1F0B-4CB6-89B0-7C40D7BCD760}.Release|Any CPU.Build.0 = Release|Any CPU
		{4F2D0EF1-1F0B-4CB6-89B0-7C40D7BCD760}.Release|x64.ActiveCfg = Release|Any CPU
		{4F2D0EF1-1F0B-4CB6-89B0-7C40D7BCD760}.Release|x64.Build.0 = Release|Any CPU
		{4F2D0EF1-1F0B-4CB6-89B0-7C40D7BCD760}.Release|x86.ActiveCfg = Release|Any CPU
		{4F2D0EF1-1F0B-4CB6-89B0-7C40D7BCD760}.Release|x86.Build.0 = Release|Any CPU
		{0079C711-0A32-4B6A-B49E-B9274BB72F49}.Debug|Any CPU.ActiveCfg = Debug|Any CPU
		{0079C711-0A32-4B6A-B49E-B9274BB72F49}.Debug|Any CPU.Build.0 = Debug|Any CPU
		{0079C711-0A32-4B6A-B49E-B9274BB72F49}.Debug|x64.ActiveCfg = Debug|Any CPU
		{0079C711-0A32-4B6A-B49E-B9274BB72F49}.Debug|x64.Build.0 = Debug|Any CPU
		{0079C711-0A32-4B6A-B49E-B9274BB72F49}.Debug|x86.ActiveCfg = Debug|Any CPU
		{0079C711-0A32-4B6A-B49E-B9274BB72F49}.Debug|x86.Build.0 = Debug|Any CPU
		{0079C711-0A32-4B6A-B49E-B9274BB72F49}.Release|Any CPU.ActiveCfg = Release|Any CPU
		{0079C711-0A32-4B6A-B49E-B9274BB72F49}.Release|Any CPU.Build.0 = Release|Any CPU
		{0079C711-0A32-4B6A-B49E-B9274BB72F49}.Release|x64.ActiveCfg = Release|Any CPU
		{0079C711-0A32-4B6A-B49E-B9274BB72F49}.Release|x64.Build.0 = Release|Any CPU
		{0079C711-0A32-4B6A-B49E-B9274BB72F49}.Release|x86.ActiveCfg = Release|Any CPU
		{0079C711-0A32-4B6A-B49E-B9274BB72F49}.Release|x86.Build.0 = Release|Any CPU
		{104EC4D5-4116-4FA7-A5D3-301D51307107}.Debug|Any CPU.ActiveCfg = Debug|Any CPU
		{104EC4D5-4116-4FA7-A5D3-301D51307107}.Debug|Any CPU.Build.0 = Debug|Any CPU
		{104EC4D5-4116-4FA7-A5D3-301D51307107}.Debug|x64.ActiveCfg = Debug|Any CPU
		{104EC4D5-4116-4FA7-A5D3-301D51307107}.Debug|x64.Build.0 = Debug|Any CPU
		{104EC4D5-4116-4FA7-A5D3-301D51307107}.Debug|x86.ActiveCfg = Debug|Any CPU
		{104EC4D5-4116-4FA7-A5D3-301D51307107}.Debug|x86.Build.0 = Debug|Any CPU
		{104EC4D5-4116-4FA7-A5D3-301D51307107}.Release|Any CPU.ActiveCfg = Release|Any CPU
		{104EC4D5-4116-4FA7-A5D3-301D51307107}.Release|Any CPU.Build.0 = Release|Any CPU
		{104EC4D5-4116-4FA7-A5D3-301D51307107}.Release|x64.ActiveCfg = Release|Any CPU
		{104EC4D5-4116-4FA7-A5D3-301D51307107}.Release|x64.Build.0 = Release|Any CPU
		{104EC4D5-4116-4FA7-A5D3-301D51307107}.Release|x86.ActiveCfg = Release|Any CPU
		{104EC4D5-4116-4FA7-A5D3-301D51307107}.Release|x86.Build.0 = Release|Any CPU
		{286E2F99-F1F4-48C7-8947-A6FC95168985}.Debug|Any CPU.ActiveCfg = Debug|Any CPU
		{286E2F99-F1F4-48C7-8947-A6FC95168985}.Debug|Any CPU.Build.0 = Debug|Any CPU
		{286E2F99-F1F4-48C7-8947-A6FC95168985}.Debug|x64.ActiveCfg = Debug|Any CPU
		{286E2F99-F1F4-48C7-8947-A6FC95168985}.Debug|x64.Build.0 = Debug|Any CPU
		{286E2F99-F1F4-48C7-8947-A6FC95168985}.Debug|x86.ActiveCfg = Debug|Any CPU
		{286E2F99-F1F4-48C7-8947-A6FC95168985}.Debug|x86.Build.0 = Debug|Any CPU
		{286E2F99-F1F4-48C7-8947-A6FC95168985}.Release|Any CPU.ActiveCfg = Release|Any CPU
		{286E2F99-F1F4-48C7-8947-A6FC95168985}.Release|Any CPU.Build.0 = Release|Any CPU
		{286E2F99-F1F4-48C7-8947-A6FC95168985}.Release|x64.ActiveCfg = Release|Any CPU
		{286E2F99-F1F4-48C7-8947-A6FC95168985}.Release|x64.Build.0 = Release|Any CPU
		{286E2F99-F1F4-48C7-8947-A6FC95168985}.Release|x86.ActiveCfg = Release|Any CPU
		{286E2F99-F1F4-48C7-8947-A6FC95168985}.Release|x86.Build.0 = Release|Any CPU
		{E0C18017-E83B-4451-B276-9A4D1B9C82D7}.Debug|Any CPU.ActiveCfg = Debug|Any CPU
		{E0C18017-E83B-4451-B276-9A4D1B9C82D7}.Debug|Any CPU.Build.0 = Debug|Any CPU
		{E0C18017-E83B-4451-B276-9A4D1B9C82D7}.Debug|x64.ActiveCfg = Debug|Any CPU
		{E0C18017-E83B-4451-B276-9A4D1B9C82D7}.Debug|x64.Build.0 = Debug|Any CPU
		{E0C18017-E83B-4451-B276-9A4D1B9C82D7}.Debug|x86.ActiveCfg = Debug|Any CPU
		{E0C18017-E83B-4451-B276-9A4D1B9C82D7}.Debug|x86.Build.0 = Debug|Any CPU
		{E0C18017-E83B-4451-B276-9A4D1B9C82D7}.Release|Any CPU.ActiveCfg = Release|Any CPU
		{E0C18017-E83B-4451-B276-9A4D1B9C82D7}.Release|Any CPU.Build.0 = Release|Any CPU
		{E0C18017-E83B-4451-B276-9A4D1B9C82D7}.Release|x64.ActiveCfg = Release|Any CPU
		{E0C18017-E83B-4451-B276-9A4D1B9C82D7}.Release|x64.Build.0 = Release|Any CPU
		{E0C18017-E83B-4451-B276-9A4D1B9C82D7}.Release|x86.ActiveCfg = Release|Any CPU
		{E0C18017-E83B-4451-B276-9A4D1B9C82D7}.Release|x86.Build.0 = Release|Any CPU
		{C21FEC79-F76C-4AF8-A3E2-C49805DD181E}.Debug|Any CPU.ActiveCfg = Debug|Any CPU
		{C21FEC79-F76C-4AF8-A3E2-C49805DD181E}.Debug|Any CPU.Build.0 = Debug|Any CPU
		{C21FEC79-F76C-4AF8-A3E2-C49805DD181E}.Debug|x64.ActiveCfg = Debug|Any CPU
		{C21FEC79-F76C-4AF8-A3E2-C49805DD181E}.Debug|x64.Build.0 = Debug|Any CPU
		{C21FEC79-F76C-4AF8-A3E2-C49805DD181E}.Debug|x86.ActiveCfg = Debug|Any CPU
		{C21FEC79-F76C-4AF8-A3E2-C49805DD181E}.Debug|x86.Build.0 = Debug|Any CPU
		{C21FEC79-F76C-4AF8-A3E2-C49805DD181E}.Release|Any CPU.ActiveCfg = Release|Any CPU
		{C21FEC79-F76C-4AF8-A3E2-C49805DD181E}.Release|Any CPU.Build.0 = Release|Any CPU
		{C21FEC79-F76C-4AF8-A3E2-C49805DD181E}.Release|x64.ActiveCfg = Release|Any CPU
		{C21FEC79-F76C-4AF8-A3E2-C49805DD181E}.Release|x64.Build.0 = Release|Any CPU
		{C21FEC79-F76C-4AF8-A3E2-C49805DD181E}.Release|x86.ActiveCfg = Release|Any CPU
		{C21FEC79-F76C-4AF8-A3E2-C49805DD181E}.Release|x86.Build.0 = Release|Any CPU
	EndGlobalSection
	GlobalSection(SolutionProperties) = preSolution
		HideSolutionNode = FALSE
	EndGlobalSection
	GlobalSection(NestedProjects) = preSolution
		{8BB9960E-4DED-4235-9083-8E4938C3E76B} = {7841DA74-FC51-411E-8ACE-DE2100DB478B}
		{7CF9836F-5E7F-48E7-AF0D-1177525B3808} = {86C23F7C-B44D-4BD9-B82B-4977691168AD}
		{550D306C-80BE-4D66-8C8F-0DBC247DCDD2} = {7841DA74-FC51-411E-8ACE-DE2100DB478B}
		{D906D104-2E29-4FA6-A2AF-8DBA8B6ED827} = {86C23F7C-B44D-4BD9-B82B-4977691168AD}
		{C90330E1-6460-4250-B658-C4337142E310} = {029E5C77-5CDE-4235-A610-64C511A6E1C8}
		{7B88E969-5D15-44D7-8E5B-F7800F454B82} = {9FECDA77-367A-4032-8D2C-9477342DAC8E}
		{4F2D0EF1-1F0B-4CB6-89B0-7C40D7BCD760} = {029E5C77-5CDE-4235-A610-64C511A6E1C8}
		{0079C711-0A32-4B6A-B49E-B9274BB72F49} = {86C23F7C-B44D-4BD9-B82B-4977691168AD}
		{B74C73A6-6C18-4C77-9DB2-FF4D7291578C} = {D1BAD46E-D3B9-403B-9732-816C53681EE5}
		{F06E10B2-37C1-41A2-B68D-A563155D6E68} = {D1BAD46E-D3B9-403B-9732-816C53681EE5}
		{104EC4D5-4116-4FA7-A5D3-301D51307107} = {B74C73A6-6C18-4C77-9DB2-FF4D7291578C}
		{CF918508-2571-439D-8E3F-9DC19C7F20B4} = {F06E10B2-37C1-41A2-B68D-A563155D6E68}
		{286E2F99-F1F4-48C7-8947-A6FC95168985} = {86C23F7C-B44D-4BD9-B82B-4977691168AD}
		{E0C18017-E83B-4451-B276-9A4D1B9C82D7} = {CF918508-2571-439D-8E3F-9DC19C7F20B4}
		{C21FEC79-F76C-4AF8-A3E2-C49805DD181E} = {F06E10B2-37C1-41A2-B68D-A563155D6E68}
	EndGlobalSection
	GlobalSection(ExtensibilityGlobals) = postSolution
		SolutionGuid = {E4DF4C90-7044-47B6-A602-E93720ED4C45}
	EndGlobalSection
EndGlobal
